// !$*UTF8*$!
{
	archiveVersion = 1;
	classes = {};
	objectVersion = 77;
	objects = {

/* Begin PBXBuildFile section */
		040100010000000000000001 /* SkinAppearance.swift in Sources */ = {isa = PBXBuildFile; fileRef = 040100020000000000000001 /* SkinAppearance.swift */; };
		040100010000000000000002 /* SkinSelectionStore.swift in Sources */ = {isa = PBXBuildFile; fileRef = 040100020000000000000002 /* SkinSelectionStore.swift */; };
		040100010000000000000003 /* SignalGlow.json in Resources */ = {isa = PBXBuildFile; fileRef = 040100020000000000000003 /* SignalGlow.json */; };
		040100010000000000000004 /* TapeDeck.json in Resources */ = {isa = PBXBuildFile; fileRef = 040100020000000000000004 /* TapeDeck.json */; };
		042000010000000000000001 /* PixelDesk.json in Resources */ = {isa = PBXBuildFile; fileRef = 042000020000000000000001 /* PixelDesk.json */; };
		042000010000000000000002 /* PocketDisc.json in Resources */ = {isa = PBXBuildFile; fileRef = 042000020000000000000002 /* PocketDisc.json */; };
		042000010000000000000003 /* AquaVista.json in Resources */ = {isa = PBXBuildFile; fileRef = 042000020000000000000003 /* AquaVista.json */; };
		042000010000000000000004 /* PocketDiscFaceplate@2x.png in Resources */ = {isa = PBXBuildFile; fileRef = 042000020000000000000004 /* PocketDiscFaceplate@2x.png */; };
		042000010000000000000005 /* AquaVistaFaceplate@2x.png in Resources */ = {isa = PBXBuildFile; fileRef = 042000020000000000000005 /* AquaVistaFaceplate@2x.png */; };
		060200010000000000000001 /* VintageCassetteDeck.json in Resources */ = {isa = PBXBuildFile; fileRef = 060200020000000000000001 /* VintageCassetteDeck.json */; };
		060200010000000000000002 /* VintageCassetteFaceplate@2x.png in Resources */ = {isa = PBXBuildFile; fileRef = 060200020000000000000002 /* VintageCassetteFaceplate@2x.png */; };
		042001010000000000000001 /* BundledThemeContractTests.swift in Sources */ = {isa = PBXBuildFile; fileRef = 042001020000000000000001 /* BundledThemeContractTests.swift */; };
		040200010000000000000001 /* SkinPackagePolicy.swift in Sources */ = {isa = PBXBuildFile; fileRef = 040200020000000000000001 /* SkinPackagePolicy.swift */; };
		040200010000000000000002 /* SkinPackageImporter.swift in Sources */ = {isa = PBXBuildFile; fileRef = 040200020000000000000002 /* SkinPackageImporter.swift */; };
		040200010000000000000004 /* ZIPFoundation in Frameworks */ = {isa = PBXBuildFile; productRef = 040200100000000000000001 /* ZIPFoundation */; };
		040200010000000000000003 /* SkinPackageImporterTests.swift in Sources */ = {isa = PBXBuildFile; fileRef = 040200020000000000000003 /* SkinPackageImporterTests.swift */; };
		040300010000000000000001 /* SkinManagementView.swift in Sources */ = {isa = PBXBuildFile; fileRef = 040300020000000000000001 /* SkinManagementView.swift */; };
		030900010000000000000001 /* SiriusMacUITests.swift in Sources */ = {isa = PBXBuildFile; fileRef = 030900020000000000000001 /* SiriusMacUITests.swift */; };
		030900010000000000000002 /* UITestHarness.swift in Sources */ = {isa = PBXBuildFile; fileRef = 030900020000000000000003 /* UITestHarness.swift */; };
		030900010000000000000003 /* NativeListDoubleActionBridge.swift in Sources */ = {isa = PBXBuildFile; fileRef = 030900020000000000000004 /* NativeListDoubleActionBridge.swift */; };
		043001010000000000000001 /* SongFavoriteModels.swift in Sources */ = {isa = PBXBuildFile; fileRef = 043001020000000000000001 /* SongFavoriteModels.swift */; };
		030500010000000000000001 /* CompactWindowController.swift in Sources */ = {isa = PBXBuildFile; fileRef = 030500020000000000000001 /* CompactWindowController.swift */; };
		A00100010000000000000001 /* SiriusMacApp.swift in Sources */ = {isa = PBXBuildFile; fileRef = A00100020000000000000001 /* SiriusMacApp.swift */; };
		A00100010000000000000003 /* SiriusXMClient in Frameworks */ = {isa = PBXBuildFile; productRef = A00100100000000000000001 /* SiriusXMClient */; };
		A00100010000000000000004 /* KeychainCredentialStore.swift in Sources */ = {isa = PBXBuildFile; fileRef = A00100020000000000000005 /* KeychainCredentialStore.swift */; };
		B00100010000000000000001 /* AuthenticationPresentationModel.swift in Sources */ = {isa = PBXBuildFile; fileRef = B00100020000000000000001 /* AuthenticationPresentationModel.swift */; };
		B00100010000000000000002 /* AuthenticationView.swift in Sources */ = {isa = PBXBuildFile; fileRef = B00100020000000000000002 /* AuthenticationView.swift */; };
		B00100010000000000000003 /* UnsupportedAuthenticationView.swift in Sources */ = {isa = PBXBuildFile; fileRef = B00100020000000000000003 /* UnsupportedAuthenticationView.swift */; };
		C00100010000000000000002 /* FirstPartyTokenCookiePolicy.swift in Sources */ = {isa = PBXBuildFile; fileRef = C00100020000000000000002 /* FirstPartyTokenCookiePolicy.swift */; };
		C00100010000000000000003 /* WebAuthenticationBridge.swift in Sources */ = {isa = PBXBuildFile; fileRef = C00100020000000000000000003 /* WebAuthenticationBridge.swift */; };
		C00100010000000000000004 /* WebAuthenticationView.swift in Sources */ = {isa = PBXBuildFile; fileRef = C00100020000000000000004 /* WebAuthenticationView.swift */; };
		111111111111111111111111 /* AuthenticationPresentationModelTests.swift in Sources */ = {isa = PBXBuildFile; fileRef = 555555555555555555555555 /* AuthenticationPresentationModelTests.swift */; };
		222222222222222222222222 /* KeychainCredentialStoreTests.swift in Sources */ = {isa = PBXBuildFile; fileRef = 666666666666666666666666 /* KeychainCredentialStoreTests.swift */; };
		333333333333333333333333 /* WebAuthenticationBridgeTests.swift in Sources */ = {isa = PBXBuildFile; fileRef = 777777777777777777777777 /* WebAuthenticationBridgeTests.swift */; };
		444444444444444444444444 /* SelectedAuthenticationCompositionTests.swift in Sources */ = {isa = PBXBuildFile; fileRef = 888888888888888888888888 /* SelectedAuthenticationCompositionTests.swift */; };
		020100010000000000000001 /* ListeningCompositionTests.swift in Sources */ = {isa = PBXBuildFile; fileRef = 020100020000000000000001 /* ListeningCompositionTests.swift */; };
		020100010000000000000002 /* ListeningPresentationModel.swift in Sources */ = {isa = PBXBuildFile; fileRef = 020100020000000000000002 /* ListeningPresentationModel.swift */; };
		020100010000000000000003 /* PlaybackCoordinator.swift in Sources */ = {isa = PBXBuildFile; fileRef = 020100020000000000000003 /* PlaybackCoordinator.swift */; };
		020100010000000000000004 /* MetadataPresentationModel.swift in Sources */ = {isa = PBXBuildFile; fileRef = 020100020000000000000004 /* MetadataPresentationModel.swift */; };
		020A00010000000000000001 /* ArtworkStore.swift in Sources */ = {isa = PBXBuildFile; fileRef = 020A00020000000000000001 /* ArtworkStore.swift */; };
		020700010000000000000001 /* MetadataPresentationTests.swift in Sources */ = {isa = PBXBuildFile; fileRef = 020700020000000000000001 /* MetadataPresentationTests.swift */; };
		020900010000000000000001 /* PlaybackInstallationOrderTests.swift in Sources */ = {isa = PBXBuildFile; fileRef = 020900020000000000000001 /* PlaybackInstallationOrderTests.swift */; };
		030100010000000000000001 /* ListeningSessionControllerTests.swift in Sources */ = {isa = PBXBuildFile; fileRef = 030100020000000000000001 /* ListeningSessionControllerTests.swift */; };
		030200010000000000000001 /* LibraryStoreTests.swift in Sources */ = {isa = PBXBuildFile; fileRef = 030200020000000000000001 /* LibraryStoreTests.swift */; };
		030100010000000000000002 /* ListeningSessionController.swift in Sources */ = {isa = PBXBuildFile; fileRef = 030100020000000000000002 /* ListeningSessionController.swift */; };
		030200010000000000000002 /* LibraryStore.swift in Sources */ = {isa = PBXBuildFile; fileRef = 030200020000000000000002 /* LibraryStore.swift */; };
		030300010000000000000001 /* PlaybackQueueTests.swift in Sources */ = {isa = PBXBuildFile; fileRef = 030300020000000000000001 /* PlaybackQueueTests.swift */; };
		030300010000000000000002 /* PlaybackQueue.swift in Sources */ = {isa = PBXBuildFile; fileRef = 030300020000000000000002 /* PlaybackQueue.swift */; };
		030600010000000000000001 /* SystemMediaControllerTests.swift in Sources */ = {isa = PBXBuildFile; fileRef = 030600020000000000000001 /* SystemMediaControllerTests.swift */; };
		030700010000000000000001 /* AccessibilityContractTests.swift in Sources */ = {isa = PBXBuildFile; fileRef = 030700020000000000000001 /* AccessibilityContractTests.swift */; };
		030700010000000000000002 /* AccessibilityAnnouncer.swift in Sources */ = {isa = PBXBuildFile; fileRef = 030700020000000000000002 /* AccessibilityAnnouncer.swift */; };
		030600010000000000000002 /* SystemMediaController.swift in Sources */ = {isa = PBXBuildFile; fileRef = 030600020000000000000002 /* SystemMediaController.swift */; };
		030400010000000000000001 /* CompactPlayerPresentationTests.swift in Sources */ = {isa = PBXBuildFile; fileRef = 030400020000000000000001 /* CompactPlayerPresentationTests.swift */; };
		030400010000000000000002 /* CompactPlayerPresentation.swift in Sources */ = {isa = PBXBuildFile; fileRef = 030400020000000000000002 /* CompactPlayerPresentation.swift */; };
		030400010000000000000003 /* CompactPlayerView.swift in Sources */ = {isa = PBXBuildFile; fileRef = 030400020000000000000003 /* CompactPlayerView.swift */; };
		060100010000000000000001 /* AudioOutputSelector.swift in Sources */ = {isa = PBXBuildFile; fileRef = 060100020000000000000001 /* AudioOutputSelector.swift */; };
		020200010000000000000001 /* LiveContractObservation.swift in Sources */ = {isa = PBXBuildFile; fileRef = 020200020000000000000001 /* LiveContractObservation.swift */; };
		020200010000000000000002 /* ClosedLiveObservationAdapter.swift in Sources */ = {isa = PBXBuildFile; fileRef = 020200020000000000000002 /* ClosedLiveObservationAdapter.swift */; };
		020400010000000000000001 /* ListeningView.swift in Sources */ = {isa = PBXBuildFile; fileRef = 020400020000000000000001 /* ListeningView.swift */; };
		D00100010000000000000001 /* RestorableAuthenticationCredentialSource.swift in Sources */ = {isa = PBXBuildFile; fileRef = D00100020000000000000001 /* RestorableAuthenticationCredentialSource.swift */; };
		0D1300010000000000000001 /* ClosedAuthenticationOracle.swift in Sources */ = {isa = PBXBuildFile; fileRef = 0D1300020000000000000001 /* ClosedAuthenticationOracle.swift */; };
		0D1300010000000000000002 /* WebCredentialSelectionPolicy.swift in Sources */ = {isa = PBXBuildFile; fileRef = 0D1300020000000000000002 /* WebCredentialSelectionPolicy.swift */; };
		041000010000000000000001 /* ProductIdentity.swift in Sources */ = {isa = PBXBuildFile; fileRef = 041000020000000000000001 /* ProductIdentity.swift */; };
		041000010000000000000002 /* ProductIdentityMigration.swift in Sources */ = {isa = PBXBuildFile; fileRef = 041000020000000000000002 /* ProductIdentityMigration.swift */; };
		041000010000000000000003 /* AboutProductView.swift in Sources */ = {isa = PBXBuildFile; fileRef = 041000020000000000000003 /* AboutProductView.swift */; };
		041000010000000000000004 /* ProductIcon.icon in Resources */ = {isa = PBXBuildFile; fileRef = 041000020000000000000004 /* ProductIcon.icon */; };
		050100010000000000000001 /* SemanticVersion.swift in Sources */ = {isa = PBXBuildFile; fileRef = 050100020000000000000001 /* SemanticVersion.swift */; };
		050100010000000000000002 /* UpdateChecker.swift in Sources */ = {isa = PBXBuildFile; fileRef = 050100020000000000000002 /* UpdateChecker.swift */; };
		050100010000000000000003 /* UpdateCheckerTests.swift in Sources */ = {isa = PBXBuildFile; fileRef = 050100020000000000000003 /* UpdateCheckerTests.swift */; };
		050200010000000000000001 /* CompatibilitySupport.swift in Sources */ = {isa = PBXBuildFile; fileRef = 050200020000000000000001 /* CompatibilitySupport.swift */; };
		050200010000000000000002 /* CompatibilitySupportTests.swift in Sources */ = {isa = PBXBuildFile; fileRef = 050200020000000000000002 /* CompatibilitySupportTests.swift */; };
		050300010000000000000001 /* Canis97MotionXPCProtocol.swift in Sources */ = {isa = PBXBuildFile; fileRef = 050300020000000000000001 /* Canis97MotionXPCProtocol.swift */; };
		050300010000000000000002 /* Canis97MotionConverterClient.swift in Sources */ = {isa = PBXBuildFile; fileRef = 050300020000000000000002 /* Canis97MotionConverterClient.swift */; };
		050300010000000000000003 /* Canis97MotionXPCProtocol.swift in Sources */ = {isa = PBXBuildFile; fileRef = 050300020000000000000001 /* Canis97MotionXPCProtocol.swift */; };
		050300010000000000000004 /* Canis97MotionConverterService.swift in Sources */ = {isa = PBXBuildFile; fileRef = 050300020000000000000003 /* Canis97MotionConverterService.swift */; };
		050300010000000000000005 /* Canis97MotionSafety in Frameworks */ = {isa = PBXBuildFile; productRef = 050300100000000000000001 /* Canis97MotionSafety */; };
		050300010000000000000006 /* Canis97MotionSafety in Frameworks */ = {isa = PBXBuildFile; productRef = 050300100000000000000002 /* Canis97MotionSafety */; };
		050300010000000000000007 /* Canis97MotionConverter.xpc in Embed XPC Services */ = {isa = PBXBuildFile; fileRef = 050300020000000000000005 /* Canis97MotionConverter.xpc */; settings = {ATTRIBUTES = (CodeSignOnCopy, ); }; };
		050400010000000000000001 /* AnimatedSkinRuntimeContractTests.swift in Sources */ = {isa = PBXBuildFile; fileRef = 050400020000000000000001 /* AnimatedSkinRuntimeContractTests.swift */; };
		050400010000000000000002 /* AnimatedSkinRuntime.swift in Sources */ = {isa = PBXBuildFile; fileRef = 050400020000000000000002 /* AnimatedSkinRuntime.swift */; };
		050400010000000000000003 /* Lottie in Frameworks */ = {isa = PBXBuildFile; productRef = 050400100000000000000001 /* Lottie */; };
		050400010000000000000004 /* Lottie in Frameworks */ = {isa = PBXBuildFile; productRef = 050400100000000000000002 /* Lottie */; };
		050400010000000000000005 /* OrbitDeck.json in Resources */ = {isa = PBXBuildFile; fileRef = 050400020000000000000003 /* OrbitDeck.json */; };
		050400010000000000000006 /* OrbitDeck.motion.json in Resources */ = {isa = PBXBuildFile; fileRef = 050400020000000000000004 /* OrbitDeck.motion.json */; };
		050400010000000000000007 /* BundledAnimatedSkinTests.swift in Sources */ = {isa = PBXBuildFile; fileRef = 050400020000000000000005 /* BundledAnimatedSkinTests.swift */; };
		050400010000000000000008 /* SignalGarden.json in Resources */ = {isa = PBXBuildFile; fileRef = 050400020000000000000006 /* SignalGarden.json */; };
		050400010000000000000009 /* SignalGarden.motion.json in Resources */ = {isa = PBXBuildFile; fileRef = 050400020000000000000007 /* SignalGarden.motion.json */; };
		050500010000000000000001 /* AnimatedSkinRuntimeSecurityTests.swift in Sources */ = {isa = PBXBuildFile; fileRef = 050500020000000000000001 /* AnimatedSkinRuntimeSecurityTests.swift */; };
		050600010000000000000001 /* Exit97.json in Resources */ = {isa = PBXBuildFile; fileRef = 050600020000000000000001 /* Exit97.json */; };
		050600010000000000000002 /* Exit97.motion.json in Resources */ = {isa = PBXBuildFile; fileRef = 050600020000000000000002 /* Exit97.motion.json */; };
		050600010000000000000003 /* Exit97.scene.json in Resources */ = {isa = PBXBuildFile; fileRef = 050600020000000000000003 /* Exit97.scene.json */; };
		050600010000000000000004 /* Exit97Faceplate@2x.png in Resources */ = {isa = PBXBuildFile; fileRef = 050600020000000000000004 /* Exit97Faceplate@2x.png */; };
		050600010000000000000005 /* Exit97Environment@2x.png in Resources */ = {isa = PBXBuildFile; fileRef = 050600020000000000000005 /* Exit97Environment@2x.png */; };
		050600010000000000000006 /* Exit97Vehicle@2x.png in Resources */ = {isa = PBXBuildFile; fileRef = 050600020000000000000006 /* Exit97Vehicle@2x.png */; };
		050600010000000000000007 /* Exit97HeartAdd@2x.png in Resources */ = {isa = PBXBuildFile; fileRef = 050600020000000000000007 /* Exit97HeartAdd@2x.png */; };
		050600010000000000000008 /* Exit97HeartRemove@2x.png in Resources */ = {isa = PBXBuildFile; fileRef = 050600020000000000000008 /* Exit97HeartRemove@2x.png */; };
		050600010000000000000009 /* Exit97StarAdd@2x.png in Resources */ = {isa = PBXBuildFile; fileRef = 050600020000000000000009 /* Exit97StarAdd@2x.png */; };
		050600010000000000000010 /* Exit97StarRemove@2x.png in Resources */ = {isa = PBXBuildFile; fileRef = 050600020000000000000010 /* Exit97StarRemove@2x.png */; };
		050600010000000000000011 /* Exit97HeartCharm@2x.png in Resources */ = {isa = PBXBuildFile; fileRef = 050600020000000000000011 /* Exit97HeartCharm@2x.png */; };
		050600010000000000000012 /* Exit97StarHood@2x.png in Resources */ = {isa = PBXBuildFile; fileRef = 050600020000000000000012 /* Exit97StarHood@2x.png */; };
		050600010000000000000013 /* Exit97Reflector@2x.png in Resources */ = {isa = PBXBuildFile; fileRef = 050600020000000000000013 /* Exit97Reflector@2x.png */; };
		050600010000000000000014 /* Exit97EncounterCattle@2x.png in Resources */ = {isa = PBXBuildFile; fileRef = 050600020000000000000014 /* Exit97EncounterCattle@2x.png */; };
		050600010000000000000015 /* Exit97EncounterService@2x.png in Resources */ = {isa = PBXBuildFile; fileRef = 050600020000000000000015 /* Exit97EncounterService@2x.png */; };
		050600010000000000000016 /* Exit97EncounterComet@2x.png in Resources */ = {isa = PBXBuildFile; fileRef = 050600020000000000000016 /* Exit97EncounterComet@2x.png */; };
		050600010000000000000017 /* Exit97EncounterMoon@2x.png in Resources */ = {isa = PBXBuildFile; fileRef = 050600020000000000000017 /* Exit97EncounterMoon@2x.png */; };
		050600010000000000000018 /* Exit97EncounterSkywhale@2x.png in Resources */ = {isa = PBXBuildFile; fileRef = 050600020000000000000018 /* Exit97EncounterSkywhale@2x.png */; };
		050600010000000000000019 /* Exit97WheelPhase0@2x.png in Resources */ = {isa = PBXBuildFile; fileRef = 050600020000000000000019 /* Exit97WheelPhase0@2x.png */; };
		050600010000000000000020 /* Exit97WheelPhase1@2x.png in Resources */ = {isa = PBXBuildFile; fileRef = 050600020000000000000020 /* Exit97WheelPhase1@2x.png */; };
		050600010000000000000021 /* Exit97WheelPhase2@2x.png in Resources */ = {isa = PBXBuildFile; fileRef = 050600020000000000000021 /* Exit97WheelPhase2@2x.png */; };
		050600010000000000000022 /* Exit97WheelPhase3@2x.png in Resources */ = {isa = PBXBuildFile; fileRef = 050600020000000000000022 /* Exit97WheelPhase3@2x.png */; };
		050600010000000000000023 /* Exit97GlassHighlight@2x.png in Resources */ = {isa = PBXBuildFile; fileRef = 050600020000000000000023 /* Exit97GlassHighlight@2x.png */; };
		050700010000000000000001 /* QuartzDeck.json in Resources */ = {isa = PBXBuildFile; fileRef = 050700020000000000000001 /* QuartzDeck.json */; };
		050700010000000000000002 /* QuartzDeck.motion.json in Resources */ = {isa = PBXBuildFile; fileRef = 050700020000000000000002 /* QuartzDeck.motion.json */; };
		050700010000000000000003 /* QuartzDeck.scene.json in Resources */ = {isa = PBXBuildFile; fileRef = 050700020000000000000003 /* QuartzDeck.scene.json */; };
		050700010000000000000004 /* QuartzDeckFaceplate@2x.png in Resources */ = {isa = PBXBuildFile; fileRef = 050700020000000000000004 /* QuartzDeckFaceplate@2x.png */; };
		050700010000000000000005 /* QuartzDeckSceneLabel@2x.png in Resources */ = {isa = PBXBuildFile; fileRef = 050700020000000000000005 /* QuartzDeckSceneLabel@2x.png */; };
		050700010000000000000006 /* QuartzDeckHeartGlow@2x.png in Resources */ = {isa = PBXBuildFile; fileRef = 050700020000000000000006 /* QuartzDeckHeartGlow@2x.png */; };
		050700010000000000000007 /* QuartzDeckStarGlow@2x.png in Resources */ = {isa = PBXBuildFile; fileRef = 050700020000000000000007 /* QuartzDeckStarGlow@2x.png */; };
		050800010000000000000001 /* Abyssal97.json in Resources */ = {isa = PBXBuildFile; fileRef = 050800020000000000000001 /* Abyssal97.json */; };
		050800010000000000000002 /* Abyssal97.motion.json in Resources */ = {isa = PBXBuildFile; fileRef = 050800020000000000000002 /* Abyssal97.motion.json */; };
		050800010000000000000003 /* Abyssal97.scene.json in Resources */ = {isa = PBXBuildFile; fileRef = 050800020000000000000003 /* Abyssal97.scene.json */; };
		050800010000000000000004 /* Abyssal97BeaconSaved@3x.png in Resources */ = {isa = PBXBuildFile; fileRef = 050800020000000000000004 /* Abyssal97BeaconSaved@3x.png */; };
		050800010000000000000005 /* Abyssal97Crevice@3x.png in Resources */ = {isa = PBXBuildFile; fileRef = 050800020000000000000005 /* Abyssal97Crevice@3x.png */; };
		050800010000000000000006 /* Abyssal97Current@3x.png in Resources */ = {isa = PBXBuildFile; fileRef = 050800020000000000000006 /* Abyssal97Current@3x.png */; };
		050800010000000000000007 /* Abyssal97CuttlefishPoses.png in Resources */ = {isa = PBXBuildFile; fileRef = 050800020000000000000007 /* Abyssal97CuttlefishPoses.png */; };
		050800010000000000000008 /* Abyssal97EelPoses.png in Resources */ = {isa = PBXBuildFile; fileRef = 050800020000000000000008 /* Abyssal97EelPoses.png */; };
		050800010000000000000009 /* Abyssal97FishPoses.png in Resources */ = {isa = PBXBuildFile; fileRef = 050800020000000000000009 /* Abyssal97FishPoses.png */; };
		05080001000000000000000A /* Abyssal97FrameOccluder@3x.png in Resources */ = {isa = PBXBuildFile; fileRef = 05080002000000000000000A /* Abyssal97FrameOccluder@3x.png */; };
		05080001000000000000000B /* Abyssal97GoldEcho@3x.png in Resources */ = {isa = PBXBuildFile; fileRef = 05080002000000000000000B /* Abyssal97GoldEcho@3x.png */; };
		05080001000000000000000C /* Abyssal97JarSaved@3x.png in Resources */ = {isa = PBXBuildFile; fileRef = 05080002000000000000000C /* Abyssal97JarSaved@3x.png */; };
		05080001000000000000000D /* Abyssal97JellyPoses.png in Resources */ = {isa = PBXBuildFile; fileRef = 05080002000000000000000D /* Abyssal97JellyPoses.png */; };
		05080001000000000000000E /* Abyssal97MantaBody@3x.png in Resources */ = {isa = PBXBuildFile; fileRef = 05080002000000000000000E /* Abyssal97MantaBody@3x.png */; };
		05080001000000000000000F /* Abyssal97MantaFarFin@3x.png in Resources */ = {isa = PBXBuildFile; fileRef = 05080002000000000000000F /* Abyssal97MantaFarFin@3x.png */; };
		050800010000000000000010 /* Abyssal97MantaNearFin@3x.png in Resources */ = {isa = PBXBuildFile; fileRef = 050800020000000000000010 /* Abyssal97MantaNearFin@3x.png */; };
		050800010000000000000011 /* Abyssal97RoseEcho@3x.png in Resources */ = {isa = PBXBuildFile; fileRef = 050800020000000000000011 /* Abyssal97RoseEcho@3x.png */; };
		050800010000000000000012 /* Abyssal97SharkPoses.png in Resources */ = {isa = PBXBuildFile; fileRef = 050800020000000000000012 /* Abyssal97SharkPoses.png */; };
		050800010000000000000013 /* Abyssal97ShrimpPoses.png in Resources */ = {isa = PBXBuildFile; fileRef = 050800020000000000000013 /* Abyssal97ShrimpPoses.png */; };
		050800010000000000000014 /* Abyssal97Static@3x.png in Resources */ = {isa = PBXBuildFile; fileRef = 050800020000000000000014 /* Abyssal97Static@3x.png */; };
		050800010000000000000015 /* Abyssal97SurveyProbe@3x.png in Resources */ = {isa = PBXBuildFile; fileRef = 050800020000000000000015 /* Abyssal97SurveyProbe@3x.png */; };
		050800010000000000000016 /* Abyssal97Terrain@3x.png in Resources */ = {isa = PBXBuildFile; fileRef = 050800020000000000000016 /* Abyssal97Terrain@3x.png */; };
		050800010000000000000017 /* Abyssal97VesselOccluder@3x.png in Resources */ = {isa = PBXBuildFile; fileRef = 050800020000000000000017 /* Abyssal97VesselOccluder@3x.png */; };
		E09700010000000000000001 /* Exit97CruiseRig.png in Resources */ = {isa = PBXBuildFile; fileRef = E09700020000000000000001 /* Exit97CruiseRig.png */; };
		E09700010000000000000002 /* Exit97EventRig.png in Resources */ = {isa = PBXBuildFile; fileRef = E09700020000000000000002 /* Exit97EventRig.png */; };
		E09700010000000000000003 /* Exit97SkywhaleRig.png in Resources */ = {isa = PBXBuildFile; fileRef = E09700020000000000000003 /* Exit97SkywhaleRig.png */; };
/* End PBXBuildFile section */

/* Begin PBXCopyFilesBuildPhase section */
		050300070000000000000002 /* Embed XPC Services */ = {isa = PBXCopyFilesBuildPhase; buildActionMask = 2147483647; dstPath = "$(CONTENTS_FOLDER_PATH)/XPCServices"; dstSubfolderSpec = 16; files = (050300010000000000000007 /* Canis97MotionConverter.xpc in Embed XPC Services */,); name = "Embed XPC Services"; runOnlyForDeploymentPostprocessing = 0; };
/* End PBXCopyFilesBuildPhase section */

/* Begin PBXFileReference section */
		040100020000000000000001 /* SkinAppearance.swift */ = {isa = PBXFileReference; lastKnownFileType = sourcecode.swift; path = SkinAppearance.swift; sourceTree = "<group>"; };
		040100020000000000000002 /* SkinSelectionStore.swift */ = {isa = PBXFileReference; lastKnownFileType = sourcecode.swift; path = SkinSelectionStore.swift; sourceTree = "<group>"; };
		040100020000000000000003 /* SignalGlow.json */ = {isa = PBXFileReference; lastKnownFileType = text.json; path = SignalGlow.json; sourceTree = "<group>"; };
		040100020000000000000004 /* TapeDeck.json */ = {isa = PBXFileReference; lastKnownFileType = text.json; path = TapeDeck.json; sourceTree = "<group>"; };
		042000020000000000000001 /* PixelDesk.json */ = {isa = PBXFileReference; lastKnownFileType = text.json; path = PixelDesk.json; sourceTree = "<group>"; };
		042000020000000000000002 /* PocketDisc.json */ = {isa = PBXFileReference; lastKnownFileType = text.json; path = PocketDisc.json; sourceTree = "<group>"; };
		042000020000000000000003 /* AquaVista.json */ = {isa = PBXFileReference; lastKnownFileType = text.json; path = AquaVista.json; sourceTree = "<group>"; };
		042000020000000000000004 /* PocketDiscFaceplate@2x.png */ = {isa = PBXFileReference; lastKnownFileType = image.png; path = "Assets/PocketDiscFaceplate@2x.png"; sourceTree = "<group>"; };
		042000020000000000000005 /* AquaVistaFaceplate@2x.png */ = {isa = PBXFileReference; lastKnownFileType = image.png; path = "Assets/AquaVistaFaceplate@2x.png"; sourceTree = "<group>"; };
		060200020000000000000001 /* VintageCassetteDeck.json */ = {isa = PBXFileReference; lastKnownFileType = text.json; path = VintageCassetteDeck.json; sourceTree = "<group>"; };
		060200020000000000000002 /* VintageCassetteFaceplate@2x.png */ = {isa = PBXFileReference; lastKnownFileType = image.png; path = "Assets/VintageCassetteFaceplate@2x.png"; sourceTree = "<group>"; };
		042001020000000000000001 /* BundledThemeContractTests.swift */ = {isa = PBXFileReference; lastKnownFileType = sourcecode.swift; path = SiriusMacTests/BundledThemeContractTests.swift; sourceTree = SOURCE_ROOT; };
		040200020000000000000001 /* SkinPackagePolicy.swift */ = {isa = PBXFileReference; lastKnownFileType = sourcecode.swift; path = SkinPackagePolicy.swift; sourceTree = "<group>"; };
		040200020000000000000002 /* SkinPackageImporter.swift */ = {isa = PBXFileReference; lastKnownFileType = sourcecode.swift; path = SkinPackageImporter.swift; sourceTree = "<group>"; };
		040200020000000000000003 /* SkinPackageImporterTests.swift */ = {isa = PBXFileReference; lastKnownFileType = sourcecode.swift; path = SiriusMacTests/SkinPackageImporterTests.swift; sourceTree = SOURCE_ROOT; };
		040300020000000000000001 /* SkinManagementView.swift */ = {isa = PBXFileReference; lastKnownFileType = sourcecode.swift; path = SkinManagementView.swift; sourceTree = "<group>"; };
		030500020000000000000001 /* CompactWindowController.swift */ = {isa = PBXFileReference; lastKnownFileType = sourcecode.swift; path = SiriusMac/Windows/CompactWindowController.swift; sourceTree = SOURCE_ROOT; };
		A00100020000000000000001 /* SiriusMacApp.swift */ = {isa = PBXFileReference; lastKnownFileType = sourcecode.swift; path = SiriusMac/SiriusMacApp.swift; sourceTree = SOURCE_ROOT; };
		A00100020000000000000003 /* Canis97.app */ = {isa = PBXFileReference; explicitFileType = wrapper.application; includeInIndex = 0; path = Canis97.app; sourceTree = BUILT_PRODUCTS_DIR; };
		A00100020000000000000004 /* Canis97Tests.xctest */ = {isa = PBXFileReference; explicitFileType = wrapper.cfbundle; includeInIndex = 0; path = Canis97Tests.xctest; sourceTree = BUILT_PRODUCTS_DIR; };
		030900020000000000000001 /* SiriusMacUITests.swift */ = {isa = PBXFileReference; lastKnownFileType = sourcecode.swift; path = SiriusMacUITests/SiriusMacUITests.swift; sourceTree = SOURCE_ROOT; };
		030900020000000000000002 /* Canis97UITests.xctest */ = {isa = PBXFileReference; explicitFileType = wrapper.cfbundle; includeInIndex = 0; path = Canis97UITests.xctest; sourceTree = BUILT_PRODUCTS_DIR; };
		030900020000000000000003 /* UITestHarness.swift */ = {isa = PBXFileReference; lastKnownFileType = sourcecode.swift; path = SiriusMac/Testing/UITestHarness.swift; sourceTree = SOURCE_ROOT; };
		030900020000000000000004 /* NativeListDoubleActionBridge.swift */ = {isa = PBXFileReference; lastKnownFileType = sourcecode.swift; path = SiriusMac/Windows/NativeListDoubleActionBridge.swift; sourceTree = SOURCE_ROOT; };
		A00100020000000000000005 /* KeychainCredentialStore.swift */ = {isa = PBXFileReference; lastKnownFileType = sourcecode.swift; path = SiriusMac/Security/KeychainCredentialStore.swift; sourceTree = SOURCE_ROOT; };
		B00100020000000000000001 /* AuthenticationPresentationModel.swift */ = {isa = PBXFileReference; lastKnownFileType = sourcecode.swift; path = SiriusMac/Authentication/AuthenticationPresentationModel.swift; sourceTree = SOURCE_ROOT; };
		B00100020000000000000002 /* AuthenticationView.swift */ = {isa = PBXFileReference; lastKnownFileType = sourcecode.swift; path = SiriusMac/Authentication/AuthenticationView.swift; sourceTree = SOURCE_ROOT; };
		B00100020000000000000003 /* UnsupportedAuthenticationView.swift */ = {isa = PBXFileReference; lastKnownFileType = sourcecode.swift; path = SiriusMac/Authentication/UnsupportedAuthenticationView.swift; sourceTree = SOURCE_ROOT; };
		C00100020000000000000002 /* FirstPartyTokenCookiePolicy.swift */ = {isa = PBXFileReference; lastKnownFileType = sourcecode.swift; path = SiriusMac/Authentication/FirstPartyTokenCookiePolicy.swift; sourceTree = SOURCE_ROOT; };
		C00100020000000000000000003 /* WebAuthenticationBridge.swift */ = {isa = PBXFileReference; lastKnownFileType = sourcecode.swift; path = SiriusMac/Authentication/WebAuthenticationBridge.swift; sourceTree = SOURCE_ROOT; };
		C00100020000000000000004 /* WebAuthenticationView.swift */ = {isa = PBXFileReference; lastKnownFileType = sourcecode.swift; path = SiriusMac/Authentication/WebAuthenticationView.swift; sourceTree = SOURCE_ROOT; };
		555555555555555555555555 /* AuthenticationPresentationModelTests.swift */ = {isa = PBXFileReference; lastKnownFileType = sourcecode.swift; path = SiriusMacTests/AuthenticationPresentationModelTests.swift; sourceTree = SOURCE_ROOT; };
		666666666666666666666666 /* KeychainCredentialStoreTests.swift */ = {isa = PBXFileReference; lastKnownFileType = sourcecode.swift; path = SiriusMacTests/KeychainCredentialStoreTests.swift; sourceTree = SOURCE_ROOT; };
		777777777777777777777777 /* WebAuthenticationBridgeTests.swift */ = {isa = PBXFileReference; lastKnownFileType = sourcecode.swift; path = SiriusMacTests/WebAuthenticationBridgeTests.swift; sourceTree = SOURCE_ROOT; };
		888888888888888888888888 /* SelectedAuthenticationCompositionTests.swift */ = {isa = PBXFileReference; lastKnownFileType = sourcecode.swift; path = SiriusMacTests/SelectedAuthenticationCompositionTests.swift; sourceTree = SOURCE_ROOT; };
		020100020000000000000001 /* ListeningCompositionTests.swift */ = {isa = PBXFileReference; lastKnownFileType = sourcecode.swift; path = SiriusMacTests/ListeningCompositionTests.swift; sourceTree = SOURCE_ROOT; };
		020100020000000000000002 /* ListeningPresentationModel.swift */ = {isa = PBXFileReference; lastKnownFileType = sourcecode.swift; path = SiriusMac/Catalog/ListeningPresentationModel.swift; sourceTree = SOURCE_ROOT; };
		020100020000000000000003 /* PlaybackCoordinator.swift */ = {isa = PBXFileReference; lastKnownFileType = sourcecode.swift; path = SiriusMac/Listening/PlaybackCoordinator.swift; sourceTree = SOURCE_ROOT; };
		020100020000000000000004 /* MetadataPresentationModel.swift */ = {isa = PBXFileReference; lastKnownFileType = sourcecode.swift; path = SiriusMac/Metadata/MetadataPresentationModel.swift; sourceTree = SOURCE_ROOT; };
		020A00020000000000000001 /* ArtworkStore.swift */ = {isa = PBXFileReference; lastKnownFileType = sourcecode.swift; path = SiriusMac/Metadata/ArtworkStore.swift; sourceTree = SOURCE_ROOT; };
		020700020000000000000001 /* MetadataPresentationTests.swift */ = {isa = PBXFileReference; lastKnownFileType = sourcecode.swift; path = SiriusMacTests/MetadataPresentationTests.swift; sourceTree = SOURCE_ROOT; };
		020900020000000000000001 /* PlaybackInstallationOrderTests.swift */ = {isa = PBXFileReference; lastKnownFileType = sourcecode.swift; path = SiriusMacTests/PlaybackInstallationOrderTests.swift; sourceTree = SOURCE_ROOT; };
		030100020000000000000001 /* ListeningSessionControllerTests.swift */ = {isa = PBXFileReference; lastKnownFileType = sourcecode.swift; path = SiriusMacTests/ListeningSessionControllerTests.swift; sourceTree = SOURCE_ROOT; };
		030200020000000000000001 /* LibraryStoreTests.swift */ = {isa = PBXFileReference; lastKnownFileType = sourcecode.swift; path = SiriusMacTests/LibraryStoreTests.swift; sourceTree = SOURCE_ROOT; };
		030200020000000000000002 /* LibraryStore.swift */ = {isa = PBXFileReference; lastKnownFileType = sourcecode.swift; path = SiriusMac/Library/LibraryStore.swift; sourceTree = SOURCE_ROOT; };
		043001020000000000000001 /* SongFavoriteModels.swift */ = {isa = PBXFileReference; lastKnownFileType = sourcecode.swift; path = SiriusMac/Library/SongFavoriteModels.swift; sourceTree = SOURCE_ROOT; };
		030100020000000000000002 /* ListeningSessionController.swift */ = {isa = PBXFileReference; lastKnownFileType = sourcecode.swift; path = SiriusMac/App/ListeningSessionController.swift; sourceTree = SOURCE_ROOT; };
		030300020000000000000001 /* PlaybackQueueTests.swift */ = {isa = PBXFileReference; lastKnownFileType = sourcecode.swift; path = SiriusMacTests/PlaybackQueueTests.swift; sourceTree = SOURCE_ROOT; };
		030300020000000000000002 /* PlaybackQueue.swift */ = {isa = PBXFileReference; lastKnownFileType = sourcecode.swift; path = SiriusMac/Library/PlaybackQueue.swift; sourceTree = SOURCE_ROOT; };
		030600020000000000000001 /* SystemMediaControllerTests.swift */ = {isa = PBXFileReference; lastKnownFileType = sourcecode.swift; path = SiriusMacTests/SystemMediaControllerTests.swift; sourceTree = SOURCE_ROOT; };
		030700020000000000000001 /* AccessibilityContractTests.swift */ = {isa = PBXFileReference; lastKnownFileType = sourcecode.swift; path = SiriusMacTests/AccessibilityContractTests.swift; sourceTree = SOURCE_ROOT; };
		030700020000000000000002 /* AccessibilityAnnouncer.swift */ = {isa = PBXFileReference; lastKnownFileType = sourcecode.swift; path = SiriusMac/Accessibility/AccessibilityAnnouncer.swift; sourceTree = SOURCE_ROOT; };
		030600020000000000000002 /* SystemMediaController.swift */ = {isa = PBXFileReference; lastKnownFileType = sourcecode.swift; path = SiriusMac/Listening/SystemMediaController.swift; sourceTree = SOURCE_ROOT; };
		030400020000000000000001 /* CompactPlayerPresentationTests.swift */ = {isa = PBXFileReference; lastKnownFileType = sourcecode.swift; path = SiriusMacTests/CompactPlayerPresentationTests.swift; sourceTree = SOURCE_ROOT; };
		030400020000000000000002 /* CompactPlayerPresentation.swift */ = {isa = PBXFileReference; lastKnownFileType = sourcecode.swift; path = SiriusMac/Player/CompactPlayerPresentation.swift; sourceTree = SOURCE_ROOT; };
		030400020000000000000003 /* CompactPlayerView.swift */ = {isa = PBXFileReference; lastKnownFileType = sourcecode.swift; path = SiriusMac/Player/CompactPlayerView.swift; sourceTree = SOURCE_ROOT; };
		060100020000000000000001 /* AudioOutputSelector.swift */ = {isa = PBXFileReference; lastKnownFileType = sourcecode.swift; path = SiriusMac/Player/AudioOutputSelector.swift; sourceTree = SOURCE_ROOT; };
		020200020000000000000001 /* LiveContractObservation.swift */ = {isa = PBXFileReference; lastKnownFileType = sourcecode.swift; path = SiriusMac/Listening/LiveContractObservation.swift; sourceTree = SOURCE_ROOT; };
		020200020000000000000002 /* ClosedLiveObservationAdapter.swift */ = {isa = PBXFileReference; lastKnownFileType = sourcecode.swift; path = SiriusMac/Listening/ClosedLiveObservationAdapter.swift; sourceTree = SOURCE_ROOT; };
		020400020000000000000001 /* ListeningView.swift */ = {isa = PBXFileReference; lastKnownFileType = sourcecode.swift; path = SiriusMac/Catalog/ListeningView.swift; sourceTree = SOURCE_ROOT; };
		D00100020000000000000001 /* RestorableAuthenticationCredentialSource.swift */ = {isa = PBXFileReference; lastKnownFileType = sourcecode.swift; path = SiriusMac/Authentication/RestorableAuthenticationCredentialSource.swift; sourceTree = SOURCE_ROOT; };
		0D1300020000000000000001 /* ClosedAuthenticationOracle.swift */ = {isa = PBXFileReference; lastKnownFileType = sourcecode.swift; path = SiriusMac/Authentication/ClosedAuthenticationOracle.swift; sourceTree = SOURCE_ROOT; };
		0D1300020000000000000002 /* WebCredentialSelectionPolicy.swift */ = {isa = PBXFileReference; lastKnownFileType = sourcecode.swift; path = SiriusMac/Authentication/WebCredentialSelectionPolicy.swift; sourceTree = SOURCE_ROOT; };
		041000020000000000000001 /* ProductIdentity.swift */ = {isa = PBXFileReference; lastKnownFileType = sourcecode.swift; path = SiriusMac/App/ProductIdentity.swift; sourceTree = SOURCE_ROOT; };
		041000020000000000000002 /* ProductIdentityMigration.swift */ = {isa = PBXFileReference; lastKnownFileType = sourcecode.swift; path = SiriusMac/App/ProductIdentityMigration.swift; sourceTree = SOURCE_ROOT; };
		041000020000000000000003 /* AboutProductView.swift */ = {isa = PBXFileReference; lastKnownFileType = sourcecode.swift; path = SiriusMac/App/AboutProductView.swift; sourceTree = SOURCE_ROOT; };
		041000020000000000000004 /* ProductIcon.icon */ = {isa = PBXFileReference; lastKnownFileType = folder.iconcomposer.icon; path = SiriusMac/Assets/ProductIcon.icon; sourceTree = SOURCE_ROOT; };
		050000020000000000000001 /* Version.xcconfig */ = {isa = PBXFileReference; lastKnownFileType = text.xcconfig; path = Version.xcconfig; sourceTree = "<group>"; };
		050100020000000000000001 /* SemanticVersion.swift */ = {isa = PBXFileReference; lastKnownFileType = sourcecode.swift; path = SemanticVersion.swift; sourceTree = "<group>"; };
		050100020000000000000002 /* UpdateChecker.swift */ = {isa = PBXFileReference; lastKnownFileType = sourcecode.swift; path = UpdateChecker.swift; sourceTree = "<group>"; };
		050100020000000000000003 /* UpdateCheckerTests.swift */ = {isa = PBXFileReference; lastKnownFileType = sourcecode.swift; path = SiriusMacTests/UpdateCheckerTests.swift; sourceTree = SOURCE_ROOT; };
		050200020000000000000001 /* CompatibilitySupport.swift */ = {isa = PBXFileReference; lastKnownFileType = sourcecode.swift; path = CompatibilitySupport.swift; sourceTree = "<group>"; };
		050200020000000000000002 /* CompatibilitySupportTests.swift */ = {isa = PBXFileReference; lastKnownFileType = sourcecode.swift; path = SiriusMacTests/CompatibilitySupportTests.swift; sourceTree = SOURCE_ROOT; };
		050300020000000000000001 /* Canis97MotionXPCProtocol.swift */ = {isa = PBXFileReference; lastKnownFileType = sourcecode.swift; path = SiriusMac/Motion/Canis97MotionXPCProtocol.swift; sourceTree = SOURCE_ROOT; };
		050300020000000000000002 /* Canis97MotionConverterClient.swift */ = {isa = PBXFileReference; lastKnownFileType = sourcecode.swift; path = SiriusMac/Motion/Canis97MotionConverterClient.swift; sourceTree = SOURCE_ROOT; };
		050300020000000000000003 /* Canis97MotionConverterService.swift */ = {isa = PBXFileReference; lastKnownFileType = sourcecode.swift; path = Canis97MotionConverter/Canis97MotionConverterService.swift; sourceTree = SOURCE_ROOT; };
		050300020000000000000004 /* Canis97MotionConverter.entitlements */ = {isa = PBXFileReference; lastKnownFileType = text.plist.entitlements; path = Canis97MotionConverter/Canis97MotionConverter.entitlements; sourceTree = SOURCE_ROOT; };
		050300020000000000000005 /* Canis97MotionConverter.xpc */ = {isa = PBXFileReference; explicitFileType = wrapper.xpc-service; includeInIndex = 0; path = Canis97MotionConverter.xpc; sourceTree = BUILT_PRODUCTS_DIR; };
		050400020000000000000001 /* AnimatedSkinRuntimeContractTests.swift */ = {isa = PBXFileReference; lastKnownFileType = sourcecode.swift; path = SiriusMacTests/AnimatedSkinRuntimeContractTests.swift; sourceTree = SOURCE_ROOT; };
		050400020000000000000002 /* AnimatedSkinRuntime.swift */ = {isa = PBXFileReference; lastKnownFileType = sourcecode.swift; path = SiriusMac/Motion/AnimatedSkinRuntime.swift; sourceTree = SOURCE_ROOT; };
		050400020000000000000003 /* OrbitDeck.json */ = {isa = PBXFileReference; lastKnownFileType = text.json; path = OrbitDeck.json; sourceTree = "<group>"; };
		050400020000000000000004 /* OrbitDeck.motion.json */ = {isa = PBXFileReference; lastKnownFileType = text.json; path = OrbitDeck.motion.json; sourceTree = "<group>"; };
		050400020000000000000005 /* BundledAnimatedSkinTests.swift */ = {isa = PBXFileReference; lastKnownFileType = sourcecode.swift; path = SiriusMacTests/BundledAnimatedSkinTests.swift; sourceTree = SOURCE_ROOT; };
		050400020000000000000006 /* SignalGarden.json */ = {isa = PBXFileReference; lastKnownFileType = text.json; path = SiriusMac/Skins/Bundled/SignalGarden.json; sourceTree = SOURCE_ROOT; };
		050400020000000000000007 /* SignalGarden.motion.json */ = {isa = PBXFileReference; lastKnownFileType = text.json; path = SiriusMac/Skins/Bundled/SignalGarden.motion.json; sourceTree = SOURCE_ROOT; };
		050500020000000000000001 /* AnimatedSkinRuntimeSecurityTests.swift */ = {isa = PBXFileReference; lastKnownFileType = sourcecode.swift; path = SiriusMacTests/AnimatedSkinRuntimeSecurityTests.swift; sourceTree = SOURCE_ROOT; };
		050600020000000000000001 /* Exit97.json */ = {isa = PBXFileReference; lastKnownFileType = text.json; path = Exit97.json; sourceTree = "<group>"; };
		050600020000000000000002 /* Exit97.motion.json */ = {isa = PBXFileReference; lastKnownFileType = text.json; path = Exit97.motion.json; sourceTree = "<group>"; };
		050600020000000000000003 /* Exit97.scene.json */ = {isa = PBXFileReference; lastKnownFileType = text.json; path = Exit97.scene.json; sourceTree = "<group>"; };
		050600020000000000000004 /* Exit97Faceplate@2x.png */ = {isa = PBXFileReference; lastKnownFileType = image.png; path = "Assets/Exit97/Exit97Faceplate@2x.png"; sourceTree = "<group>"; };
		050600020000000000000005 /* Exit97Environment@2x.png */ = {isa = PBXFileReference; lastKnownFileType = image.png; path = "Assets/Exit97/Exit97Environment@2x.png"; sourceTree = "<group>"; };
		050600020000000000000006 /* Exit97Vehicle@2x.png */ = {isa = PBXFileReference; lastKnownFileType = image.png; path = "Assets/Exit97/Exit97Vehicle@2x.png"; sourceTree = "<group>"; };
		050600020000000000000007 /* Exit97HeartAdd@2x.png */ = {isa = PBXFileReference; lastKnownFileType = image.png; path = "Assets/Exit97/Exit97HeartAdd@2x.png"; sourceTree = "<group>"; };
		050600020000000000000008 /* Exit97HeartRemove@2x.png */ = {isa = PBXFileReference; lastKnownFileType = image.png; path = "Assets/Exit97/Exit97HeartRemove@2x.png"; sourceTree = "<group>"; };
		050600020000000000000009 /* Exit97StarAdd@2x.png */ = {isa = PBXFileReference; lastKnownFileType = image.png; path = "Assets/Exit97/Exit97StarAdd@2x.png"; sourceTree = "<group>"; };
		050600020000000000000010 /* Exit97StarRemove@2x.png */ = {isa = PBXFileReference; lastKnownFileType = image.png; path = "Assets/Exit97/Exit97StarRemove@2x.png"; sourceTree = "<group>"; };
		050600020000000000000011 /* Exit97HeartCharm@2x.png */ = {isa = PBXFileReference; lastKnownFileType = image.png; path = "Assets/Exit97/Exit97HeartCharm@2x.png"; sourceTree = "<group>"; };
		050600020000000000000012 /* Exit97StarHood@2x.png */ = {isa = PBXFileReference; lastKnownFileType = image.png; path = "Assets/Exit97/Exit97StarHood@2x.png"; sourceTree = "<group>"; };
		050600020000000000000013 /* Exit97Reflector@2x.png */ = {isa = PBXFileReference; lastKnownFileType = image.png; path = "Assets/Exit97/Exit97Reflector@2x.png"; sourceTree = "<group>"; };
		050600020000000000000014 /* Exit97EncounterCattle@2x.png */ = {isa = PBXFileReference; lastKnownFileType = image.png; path = "Assets/Exit97/Exit97EncounterCattle@2x.png"; sourceTree = "<group>"; };
		050600020000000000000015 /* Exit97EncounterService@2x.png */ = {isa = PBXFileReference; lastKnownFileType = image.png; path = "Assets/Exit97/Exit97EncounterService@2x.png"; sourceTree = "<group>"; };
		050600020000000000000016 /* Exit97EncounterComet@2x.png */ = {isa = PBXFileReference; lastKnownFileType = image.png; path = "Assets/Exit97/Exit97EncounterComet@2x.png"; sourceTree = "<group>"; };
		050600020000000000000017 /* Exit97EncounterMoon@2x.png */ = {isa = PBXFileReference; lastKnownFileType = image.png; path = "Assets/Exit97/Exit97EncounterMoon@2x.png"; sourceTree = "<group>"; };
		050600020000000000000018 /* Exit97EncounterSkywhale@2x.png */ = {isa = PBXFileReference; lastKnownFileType = image.png; path = "Assets/Exit97/Exit97EncounterSkywhale@2x.png"; sourceTree = "<group>"; };
		050600020000000000000019 /* Exit97WheelPhase0@2x.png */ = {isa = PBXFileReference; lastKnownFileType = image.png; path = "Assets/Exit97/Exit97WheelPhase0@2x.png"; sourceTree = "<group>"; };
		050600020000000000000020 /* Exit97WheelPhase1@2x.png */ = {isa = PBXFileReference; lastKnownFileType = image.png; path = "Assets/Exit97/Exit97WheelPhase1@2x.png"; sourceTree = "<group>"; };
		050600020000000000000021 /* Exit97WheelPhase2@2x.png */ = {isa = PBXFileReference; lastKnownFileType = image.png; path = "Assets/Exit97/Exit97WheelPhase2@2x.png"; sourceTree = "<group>"; };
		050600020000000000000022 /* Exit97WheelPhase3@2x.png */ = {isa = PBXFileReference; lastKnownFileType = image.png; path = "Assets/Exit97/Exit97WheelPhase3@2x.png"; sourceTree = "<group>"; };
		050600020000000000000023 /* Exit97GlassHighlight@2x.png */ = {isa = PBXFileReference; lastKnownFileType = image.png; path = "Assets/Exit97/Exit97GlassHighlight@2x.png"; sourceTree = "<group>"; };
		050700020000000000000001 /* QuartzDeck.json */ = {isa = PBXFileReference; lastKnownFileType = text.json; path = QuartzDeck.json; sourceTree = "<group>"; };
		050700020000000000000002 /* QuartzDeck.motion.json */ = {isa = PBXFileReference; lastKnownFileType = text.json; path = QuartzDeck.motion.json; sourceTree = "<group>"; };
		050700020000000000000003 /* QuartzDeck.scene.json */ = {isa = PBXFileReference; lastKnownFileType = text.json; path = QuartzDeck.scene.json; sourceTree = "<group>"; };
		050700020000000000000004 /* QuartzDeckFaceplate@2x.png */ = {isa = PBXFileReference; lastKnownFileType = image.png; path = "Assets/QuartzDeck/QuartzDeckFaceplate@2x.png"; sourceTree = "<group>"; };
		050700020000000000000005 /* QuartzDeckSceneLabel@2x.png */ = {isa = PBXFileReference; lastKnownFileType = image.png; path = "Assets/QuartzDeck/QuartzDeckSceneLabel@2x.png"; sourceTree = "<group>"; };
		050700020000000000000006 /* QuartzDeckHeartGlow@2x.png */ = {isa = PBXFileReference; lastKnownFileType = image.png; path = "Assets/QuartzDeck/QuartzDeckHeartGlow@2x.png"; sourceTree = "<group>"; };
		050700020000000000000007 /* QuartzDeckStarGlow@2x.png */ = {isa = PBXFileReference; lastKnownFileType = image.png; path = "Assets/QuartzDeck/QuartzDeckStarGlow@2x.png"; sourceTree = "<group>"; };
		050800020000000000000001 /* Abyssal97.json */ = {isa = PBXFileReference; lastKnownFileType = text.json; path = "Abyssal97.json"; sourceTree = "<group>"; };
		050800020000000000000002 /* Abyssal97.motion.json */ = {isa = PBXFileReference; lastKnownFileType = text.json; path = "Abyssal97.motion.json"; sourceTree = "<group>"; };
		050800020000000000000003 /* Abyssal97.scene.json */ = {isa = PBXFileReference; lastKnownFileType = text.json; path = "Abyssal97.scene.json"; sourceTree = "<group>"; };
		050800020000000000000004 /* Abyssal97BeaconSaved@3x.png */ = {isa = PBXFileReference; lastKnownFileType = image.png; path = "Assets/Abyssal97/Abyssal97BeaconSaved@3x.png"; sourceTree = "<group>"; };
		050800020000000000000005 /* Abyssal97Crevice@3x.png */ = {isa = PBXFileReference; lastKnownFileType = image.png; path = "Assets/Abyssal97/Abyssal97Crevice@3x.png"; sourceTree = "<group>"; };
		050800020000000000000006 /* Abyssal97Current@3x.png */ = {isa = PBXFileReference; lastKnownFileType = image.png; path = "Assets/Abyssal97/Abyssal97Current@3x.png"; sourceTree = "<group>"; };
		050800020000000000000007 /* Abyssal97CuttlefishPoses.png */ = {isa = PBXFileReference; lastKnownFileType = image.png; path = "Assets/Abyssal97/Abyssal97CuttlefishPoses.png"; sourceTree = "<group>"; };
		050800020000000000000008 /* Abyssal97EelPoses.png */ = {isa = PBXFileReference; lastKnownFileType = image.png; path = "Assets/Abyssal97/Abyssal97EelPoses.png"; sourceTree = "<group>"; };
		050800020000000000000009 /* Abyssal97FishPoses.png */ = {isa = PBXFileReference; lastKnownFileType = image.png; path = "Assets/Abyssal97/Abyssal97FishPoses.png"; sourceTree = "<group>"; };
		05080002000000000000000A /* Abyssal97FrameOccluder@3x.png */ = {isa = PBXFileReference; lastKnownFileType = image.png; path = "Assets/Abyssal97/Abyssal97FrameOccluder@3x.png"; sourceTree = "<group>"; };
		05080002000000000000000B /* Abyssal97GoldEcho@3x.png */ = {isa = PBXFileReference; lastKnownFileType = image.png; path = "Assets/Abyssal97/Abyssal97GoldEcho@3x.png"; sourceTree = "<group>"; };
		05080002000000000000000C /* Abyssal97JarSaved@3x.png */ = {isa = PBXFileReference; lastKnownFileType = image.png; path = "Assets/Abyssal97/Abyssal97JarSaved@3x.png"; sourceTree = "<group>"; };
		05080002000000000000000D /* Abyssal97JellyPoses.png */ = {isa = PBXFileReference; lastKnownFileType = image.png; path = "Assets/Abyssal97/Abyssal97JellyPoses.png"; sourceTree = "<group>"; };
		05080002000000000000000E /* Abyssal97MantaBody@3x.png */ = {isa = PBXFileReference; lastKnownFileType = image.png; path = "Assets/Abyssal97/Abyssal97MantaBody@3x.png"; sourceTree = "<group>"; };
		05080002000000000000000F /* Abyssal97MantaFarFin@3x.png */ = {isa = PBXFileReference; lastKnownFileType = image.png; path = "Assets/Abyssal97/Abyssal97MantaFarFin@3x.png"; sourceTree = "<group>"; };
		050800020000000000000010 /* Abyssal97MantaNearFin@3x.png */ = {isa = PBXFileReference; lastKnownFileType = image.png; path = "Assets/Abyssal97/Abyssal97MantaNearFin@3x.png"; sourceTree = "<group>"; };
		050800020000000000000011 /* Abyssal97RoseEcho@3x.png */ = {isa = PBXFileReference; lastKnownFileType = image.png; path = "Assets/Abyssal97/Abyssal97RoseEcho@3x.png"; sourceTree = "<group>"; };
		050800020000000000000012 /* Abyssal97SharkPoses.png */ = {isa = PBXFileReference; lastKnownFileType = image.png; path = "Assets/Abyssal97/Abyssal97SharkPoses.png"; sourceTree = "<group>"; };
		050800020000000000000013 /* Abyssal97ShrimpPoses.png */ = {isa = PBXFileReference; lastKnownFileType = image.png; path = "Assets/Abyssal97/Abyssal97ShrimpPoses.png"; sourceTree = "<group>"; };
		050800020000000000000014 /* Abyssal97Static@3x.png */ = {isa = PBXFileReference; lastKnownFileType = image.png; path = "Assets/Abyssal97/Abyssal97Static@3x.png"; sourceTree = "<group>"; };
		050800020000000000000015 /* Abyssal97SurveyProbe@3x.png */ = {isa = PBXFileReference; lastKnownFileType = image.png; path = "Assets/Abyssal97/Abyssal97SurveyProbe@3x.png"; sourceTree = "<group>"; };
		050800020000000000000016 /* Abyssal97Terrain@3x.png */ = {isa = PBXFileReference; lastKnownFileType = image.png; path = "Assets/Abyssal97/Abyssal97Terrain@3x.png"; sourceTree = "<group>"; };
		050800020000000000000017 /* Abyssal97VesselOccluder@3x.png */ = {isa = PBXFileReference; lastKnownFileType = image.png; path = "Assets/Abyssal97/Abyssal97VesselOccluder@3x.png"; sourceTree = "<group>"; };
		E09700020000000000000001 /* Exit97CruiseRig.png */ = {isa = PBXFileReference; lastKnownFileType = image.png; path = "SiriusMac/Skins/Bundled/Assets/Exit97/Exit97CruiseRig.png"; sourceTree = SOURCE_ROOT; };
		E09700020000000000000002 /* Exit97EventRig.png */ = {isa = PBXFileReference; lastKnownFileType = image.png; path = "SiriusMac/Skins/Bundled/Assets/Exit97/Exit97EventRig.png"; sourceTree = SOURCE_ROOT; };
		E09700020000000000000003 /* Exit97SkywhaleRig.png */ = {isa = PBXFileReference; lastKnownFileType = image.png; path = "SiriusMac/Skins/Bundled/Assets/Exit97/Exit97SkywhaleRig.png"; sourceTree = SOURCE_ROOT; };
/* End PBXFileReference section */

/* Begin PBXFrameworksBuildPhase section */
		A00100030000000000000001 /* Frameworks */ = {isa = PBXFrameworksBuildPhase; buildActionMask = 2147483647; files = (A00100010000000000000003 /* SiriusXMClient in Frameworks */, 040200010000000000000004 /* ZIPFoundation in Frameworks */, 050300010000000000000005 /* Canis97MotionSafety in Frameworks */, 050400010000000000000003 /* Lottie in Frameworks */,); runOnlyForDeploymentPostprocessing = 0; };
		A00100030000000000000002 /* Frameworks */ = {isa = PBXFrameworksBuildPhase; buildActionMask = 2147483647; files = (); runOnlyForDeploymentPostprocessing = 0; };
		030900030000000000000001 /* Frameworks */ = {isa = PBXFrameworksBuildPhase; buildActionMask = 2147483647; files = (); runOnlyForDeploymentPostprocessing = 0; };
		050300030000000000000001 /* Frameworks */ = {isa = PBXFrameworksBuildPhase; buildActionMask = 2147483647; files = (050300010000000000000006 /* Canis97MotionSafety in Frameworks */, 050400010000000000000004 /* Lottie in Frameworks */,); runOnlyForDeploymentPostprocessing = 0; };
/* End PBXFrameworksBuildPhase section */

/* Begin PBXGroup section */
		A00100040000000000000001 = {isa = PBXGroup; children = (050000040000000000000001 /* Config */, A00100040000000000000002 /* SiriusMac */, A00100040000000000000003 /* SiriusMacTests */, 030900040000000000000001 /* SiriusMacUITests */, 050300040000000000000002 /* Canis97MotionConverter */, A00100040000000000000004 /* Products */,); sourceTree = "<group>"; };
		A00100040000000000000002 /* SiriusMac */ = {isa = PBXGroup; children = (A00100020000000000000001 /* SiriusMacApp.swift */, 041000020000000000000001 /* ProductIdentity.swift */, 041000020000000000000002 /* ProductIdentityMigration.swift */, 041000020000000000000003 /* AboutProductView.swift */, 041000020000000000000004 /* ProductIcon.icon */, 030100020000000000000002 /* ListeningSessionController.swift */, 030200020000000000000002 /* LibraryStore.swift */, 030300020000000000000002 /* PlaybackQueue.swift */, 030500020000000000000001 /* CompactWindowController.swift */, 030900020000000000000004 /* NativeListDoubleActionBridge.swift */, 030600020000000000000002 /* SystemMediaController.swift */, 030900020000000000000003 /* UITestHarness.swift */, 060100020000000000000001 /* AudioOutputSelector.swift */, 050100040000000000000001 /* Updates */, 050200040000000000000001 /* Support */, 050300040000000000000001 /* Motion */, 040100040000000000000001 /* Skins */, B00100040000000000000001 /* Authentication */, A00100040000000000000005 /* Security */, 020100020000000000000002 /* ListeningPresentationModel.swift */, 020100020000000000000003 /* PlaybackCoordinator.swift */, 020A00020000000000000001 /* ArtworkStore.swift */,); path = SiriusMac; sourceTree = "<group>"; };
		A00100040000000000000003 /* SiriusMacTests */ = {isa = PBXGroup; children = (555555555555555555555555 /* AuthenticationPresentationModelTests.swift */, 666666666666666666666666 /* KeychainCredentialStoreTests.swift */, 777777777777777777777777 /* WebAuthenticationBridgeTests.swift */, 888888888888888888888888 /* SelectedAuthenticationCompositionTests.swift */, 020100020000000000000001 /* ListeningCompositionTests.swift */, 020700020000000000000001 /* MetadataPresentationTests.swift */, 020900020000000000000001 /* PlaybackInstallationOrderTests.swift */, 030100020000000000000001 /* ListeningSessionControllerTests.swift */, 030200020000000000000001 /* LibraryStoreTests.swift */, 030400020000000000000001 /* CompactPlayerPresentationTests.swift */, 030600020000000000000001 /* SystemMediaControllerTests.swift */, 030700020000000000000001 /* AccessibilityContractTests.swift */, 040200020000000000000003 /* SkinPackageImporterTests.swift */, 042001020000000000000001 /* BundledThemeContractTests.swift */, 050100020000000000000003 /* UpdateCheckerTests.swift */, 050200020000000000000002 /* CompatibilitySupportTests.swift */, 050400020000000000000001 /* AnimatedSkinRuntimeContractTests.swift */, 050400020000000000000005 /* BundledAnimatedSkinTests.swift */, 050500020000000000000001 /* AnimatedSkinRuntimeSecurityTests.swift */,); path = SiriusMacTests; sourceTree = SOURCE_ROOT; };
		050000040000000000000001 /* Config */ = {isa = PBXGroup; children = (050000020000000000000001 /* Version.xcconfig */,); path = Config; sourceTree = "<group>"; };
		050100040000000000000001 /* Updates */ = {isa = PBXGroup; children = (050100020000000000000001 /* SemanticVersion.swift */, 050100020000000000000002 /* UpdateChecker.swift */,); path = Updates; sourceTree = "<group>"; };
		050200040000000000000001 /* Support */ = {isa = PBXGroup; children = (050200020000000000000001 /* CompatibilitySupport.swift */,); path = Support; sourceTree = "<group>"; };
		050300040000000000000001 /* Motion */ = {isa = PBXGroup; children = (050300020000000000000001 /* Canis97MotionXPCProtocol.swift */, 050300020000000000000002 /* Canis97MotionConverterClient.swift */,); path = Motion; sourceTree = "<group>"; };
		050300040000000000000002 /* Canis97MotionConverter */ = {isa = PBXGroup; children = (050300020000000000000003 /* Canis97MotionConverterService.swift */, 050300020000000000000004 /* Canis97MotionConverter.entitlements */,); path = Canis97MotionConverter; sourceTree = "<group>"; };
		030900040000000000000001 /* SiriusMacUITests */ = {isa = PBXGroup; children = (030900020000000000000001 /* SiriusMacUITests.swift */,); path = SiriusMacUITests; sourceTree = SOURCE_ROOT; };
		A00100040000000000000005 /* Security */ = {isa = PBXGroup; children = (A00100020000000000000005 /* KeychainCredentialStore.swift */,); path = Security; sourceTree = "<group>"; };
		040100040000000000000001 /* Skins */ = {isa = PBXGroup; children = (040100020000000000000001 /* SkinAppearance.swift */, 040100020000000000000002 /* SkinSelectionStore.swift */, 040200020000000000000001 /* SkinPackagePolicy.swift */, 040200020000000000000002 /* SkinPackageImporter.swift */, 040300020000000000000001 /* SkinManagementView.swift */, 040100040000000000000002 /* Bundled */,); path = Skins; sourceTree = "<group>"; };
		040100040000000000000002 /* Bundled */ = {isa = PBXGroup; children = (050800020000000000000001 /* Abyssal97.json */, 050800020000000000000002 /* Abyssal97.motion.json */, 050800020000000000000003 /* Abyssal97.scene.json */, 050800020000000000000004 /* Abyssal97BeaconSaved@3x.png */, 050800020000000000000005 /* Abyssal97Crevice@3x.png */, 050800020000000000000006 /* Abyssal97Current@3x.png */, 050800020000000000000007 /* Abyssal97CuttlefishPoses.png */, 050800020000000000000008 /* Abyssal97EelPoses.png */, 050800020000000000000009 /* Abyssal97FishPoses.png */, 05080002000000000000000A /* Abyssal97FrameOccluder@3x.png */, 05080002000000000000000B /* Abyssal97GoldEcho@3x.png */, 05080002000000000000000C /* Abyssal97JarSaved@3x.png */, 05080002000000000000000D /* Abyssal97JellyPoses.png */, 05080002000000000000000E /* Abyssal97MantaBody@3x.png */, 05080002000000000000000F /* Abyssal97MantaFarFin@3x.png */, 050800020000000000000010 /* Abyssal97MantaNearFin@3x.png */, 050800020000000000000011 /* Abyssal97RoseEcho@3x.png */, 050800020000000000000012 /* Abyssal97SharkPoses.png */, 050800020000000000000013 /* Abyssal97ShrimpPoses.png */, 050800020000000000000014 /* Abyssal97Static@3x.png */, 050800020000000000000015 /* Abyssal97SurveyProbe@3x.png */, 050800020000000000000016 /* Abyssal97Terrain@3x.png */, 050800020000000000000017 /* Abyssal97VesselOccluder@3x.png */, 040100020000000000000003 /* SignalGlow.json */, 040100020000000000000004 /* TapeDeck.json */, 042000020000000000000001 /* PixelDesk.json */, 042000020000000000000002 /* PocketDisc.json */, 042000020000000000000003 /* AquaVista.json */, 060200020000000000000001 /* VintageCassetteDeck.json */, 050400020000000000000003 /* OrbitDeck.json */, 050400020000000000000004 /* OrbitDeck.motion.json */, 050600020000000000000001 /* Exit97.json */, 050600020000000000000002 /* Exit97.motion.json */, 050600020000000000000003 /* Exit97.scene.json */, 050700020000000000000001 /* QuartzDeck.json */, 050700020000000000000002 /* QuartzDeck.motion.json */, 050700020000000000000003 /* QuartzDeck.scene.json */, 042000020000000000000004 /* PocketDiscFaceplate@2x.png */, 042000020000000000000005 /* AquaVistaFaceplate@2x.png */, 060200020000000000000002 /* VintageCassetteFaceplate@2x.png */, 050600020000000000000004 /* Exit97Faceplate@2x.png */, 050600020000000000000005 /* Exit97Environment@2x.png */, 050600020000000000000006 /* Exit97Vehicle@2x.png */,
				E09700020000000000000003 /* Exit97SkywhaleRig.png */,
				E09700020000000000000002 /* Exit97EventRig.png */,
				E09700020000000000000001 /* Exit97CruiseRig.png */, 050600020000000000000007 /* Exit97HeartAdd@2x.png */, 050600020000000000000008 /* Exit97HeartRemove@2x.png */, 050600020000000000000009 /* Exit97StarAdd@2x.png */, 050600020000000000000010 /* Exit97StarRemove@2x.png */, 050600020000000000000011 /* Exit97HeartCharm@2x.png */, 050600020000000000000012 /* Exit97StarHood@2x.png */, 050600020000000000000013 /* Exit97Reflector@2x.png */, 050600020000000000000014 /* Exit97EncounterCattle@2x.png */, 050600020000000000000015 /* Exit97EncounterService@2x.png */, 050600020000000000000016 /* Exit97EncounterComet@2x.png */, 050600020000000000000017 /* Exit97EncounterMoon@2x.png */, 050600020000000000000018 /* Exit97EncounterSkywhale@2x.png */, 050600020000000000000019 /* Exit97WheelPhase0@2x.png */, 050600020000000000000020 /* Exit97WheelPhase1@2x.png */, 050600020000000000000021 /* Exit97WheelPhase2@2x.png */, 050600020000000000000022 /* Exit97WheelPhase3@2x.png */, 050600020000000000000023 /* Exit97GlassHighlight@2x.png */, 050700020000000000000004 /* QuartzDeckFaceplate@2x.png */, 050700020000000000000005 /* QuartzDeckSceneLabel@2x.png */, 050700020000000000000006 /* QuartzDeckHeartGlow@2x.png */, 050700020000000000000007 /* QuartzDeckStarGlow@2x.png */,); path = Bundled; sourceTree = "<group>"; };
		B00100040000000000000001 /* Authentication */ = {isa = PBXGroup; children = (B00100020000000000000001 /* AuthenticationPresentationModel.swift */, B00100020000000000000002 /* AuthenticationView.swift */, B00100020000000000000003 /* UnsupportedAuthenticationView.swift */, C00100020000000000000002 /* FirstPartyTokenCookiePolicy.swift */, C00100020000000000000000003 /* WebAuthenticationBridge.swift */, C00100020000000000000004 /* WebAuthenticationView.swift */, D00100020000000000000001 /* RestorableAuthenticationCredentialSource.swift */,); path = Authentication; sourceTree = "<group>"; };
		A00100040000000000000004 /* Products */ = {isa = PBXGroup; children = (A00100020000000000000003 /* Canis97.app */, A00100020000000000000004 /* Canis97Tests.xctest */, 030900020000000000000002 /* Canis97UITests.xctest */, 050300020000000000000005 /* Canis97MotionConverter.xpc */,); name = Products; sourceTree = "<group>"; };
/* End PBXGroup section */

/* Begin PBXNativeTarget section */
		E1E1E1E1E1E1E1E1E1E1E1E1 /* Canis97Tests */ = {isa = PBXNativeTarget; buildConfigurationList = F1F1F1F1F1F1F1F1F1F1F1F1 /* Build configuration list for PBXNativeTarget "Canis97Tests" */; buildPhases = (999999999999999999999999 /* Sources */, A00100030000000000000002 /* Frameworks */,); buildRules = (); dependencies = (A00100090000000000000001 /* PBXTargetDependency */,); name = Canis97Tests; packageProductDependencies = (); productName = Canis97Tests; productReference = A00100020000000000000004 /* Canis97Tests.xctest */; productType = "com.apple.product-type.bundle.unit-test"; };
		030900050000000000000001 /* Canis97UITests */ = {isa = PBXNativeTarget; buildConfigurationList = 030900060000000000000001 /* Build configuration list for PBXNativeTarget "Canis97UITests" */; buildPhases = (030900070000000000000001 /* Sources */, 030900030000000000000001 /* Frameworks */,); buildRules = (); dependencies = (030900090000000000000001 /* PBXTargetDependency */,); name = Canis97UITests; packageProductDependencies = (); productName = Canis97UITests; productReference = 030900020000000000000002 /* Canis97UITests.xctest */; productType = "com.apple.product-type.bundle.ui-testing"; };
A00100050000000000000001 /* Canis97 */ = {isa = PBXNativeTarget; buildConfigurationList = A00100060000000000000001 /* Build configuration list for PBXNativeTarget "Canis97" */; buildPhases = (A00100070000000000000001 /* Sources */, A00100030000000000000001 /* Frameworks */, 040100070000000000000001 /* Resources */, 050300070000000000000002 /* Embed XPC Services */,); buildRules = (); dependencies = (050300090000000000000001 /* PBXTargetDependency */,); name = Canis97; packageProductDependencies = (A00100100000000000000001 /* SiriusXMClient */, 040200100000000000000001 /* ZIPFoundation */, 050300100000000000000001 /* Canis97MotionSafety */, 050400100000000000000001 /* Lottie */,); productName = Canis97; productReference = A00100020000000000000003 /* Canis97.app */; productType = "com.apple.product-type.application"; };
		050300050000000000000001 /* Canis97MotionConverter */ = {isa = PBXNativeTarget; buildConfigurationList = 050300060000000000000001 /* Build configuration list for PBXNativeTarget "Canis97MotionConverter" */; buildPhases = (050300070000000000000001 /* Sources */, 050300030000000000000001 /* Frameworks */,); buildRules = (); dependencies = (); name = Canis97MotionConverter; packageProductDependencies = (050300100000000000000002 /* Canis97MotionSafety */, 050400100000000000000002 /* Lottie */,); productName = Canis97MotionConverter; productReference = 050300020000000000000005 /* Canis97MotionConverter.xpc */; productType = "com.apple.product-type.xpc-service"; };
/* End PBXNativeTarget section */

/* Begin PBXProject section */
		E4E4E4E4E4E4E4E4E4E4E4E4 /* Project object */ = {isa = PBXProject; attributes = { LastSwiftUpdateCheck = 2600; LastUpgradeCheck = 2600; TargetAttributes = { A00100050000000000000001 = { CreatedOnToolsVersion = 26.0; }; E1E1E1E1E1E1E1E1E1E1E1E1 = { CreatedOnToolsVersion = 26.0; TestTargetID = A00100050000000000000001; }; 030900050000000000000001 = { CreatedOnToolsVersion = 26.0; TestTargetID = A00100050000000000000001; }; 050300050000000000000001 = { CreatedOnToolsVersion = 26.0; }; }; }; buildConfigurationList = A00100060000000000000003 /* Build configuration list for PBXProject "SiriusMac" */; compatibilityVersion = "Xcode 16.0"; developmentRegion = en; hasScannedForEncodings = 0; knownRegions = (en, Base,); mainGroup = A00100040000000000000001; minimizedProjectReferenceProxies = 1; packageReferences = (A00100110000000000000001 /* XCLocalSwiftPackageReference "SiriusXMClient" */, 040200110000000000000001 /* XCRemoteSwiftPackageReference "ZIPFoundation" */, 050300110000000000000001 /* XCLocalSwiftPackageReference "Canis97MotionSafety" */, 050400110000000000000001 /* XCRemoteSwiftPackageReference "lottie-ios" */,); preferredProjectObjectVersion = 77; productRefGroup = A00100040000000000000004 /* Products */; projectDirPath = ""; projectRoot = ""; targets = (A00100050000000000000001 /* Canis97 */, E1E1E1E1E1E1E1E1E1E1E1E1 /* Canis97Tests */, 030900050000000000000001 /* Canis97UITests */, 050300050000000000000001 /* Canis97MotionConverter */,); };
/* End PBXProject section */

/* Begin PBXResourcesBuildPhase section */
		040100070000000000000001 /* Resources */ = {isa = PBXResourcesBuildPhase; buildActionMask = 2147483647; files = (050800010000000000000001 /* Abyssal97.json in Resources */, 050800010000000000000002 /* Abyssal97.motion.json in Resources */, 050800010000000000000003 /* Abyssal97.scene.json in Resources */, 050800010000000000000004 /* Abyssal97BeaconSaved@3x.png in Resources */, 050800010000000000000005 /* Abyssal97Crevice@3x.png in Resources */, 050800010000000000000006 /* Abyssal97Current@3x.png in Resources */, 050800010000000000000007 /* Abyssal97CuttlefishPoses.png in Resources */, 050800010000000000000008 /* Abyssal97EelPoses.png in Resources */, 050800010000000000000009 /* Abyssal97FishPoses.png in Resources */, 05080001000000000000000A /* Abyssal97FrameOccluder@3x.png in Resources */, 05080001000000000000000B /* Abyssal97GoldEcho@3x.png in Resources */, 05080001000000000000000C /* Abyssal97JarSaved@3x.png in Resources */, 05080001000000000000000D /* Abyssal97JellyPoses.png in Resources */, 05080001000000000000000E /* Abyssal97MantaBody@3x.png in Resources */, 05080001000000000000000F /* Abyssal97MantaFarFin@3x.png in Resources */, 050800010000000000000010 /* Abyssal97MantaNearFin@3x.png in Resources */, 050800010000000000000011 /* Abyssal97RoseEcho@3x.png in Resources */, 050800010000000000000012 /* Abyssal97SharkPoses.png in Resources */, 050800010000000000000013 /* Abyssal97ShrimpPoses.png in Resources */, 050800010000000000000014 /* Abyssal97Static@3x.png in Resources */, 050800010000000000000015 /* Abyssal97SurveyProbe@3x.png in Resources */, 050800010000000000000016 /* Abyssal97Terrain@3x.png in Resources */, 050800010000000000000017 /* Abyssal97VesselOccluder@3x.png in Resources */, 041000010000000000000004 /* ProductIcon.icon in Resources */, 040100010000000000000003 /* SignalGlow.json in Resources */, 040100010000000000000004 /* TapeDeck.json in Resources */, 042000010000000000000001 /* PixelDesk.json in Resources */, 042000010000000000000002 /* PocketDisc.json in Resources */, 042000010000000000000003 /* AquaVista.json in Resources */, 060200010000000000000001 /* VintageCassetteDeck.json in Resources */, 050400010000000000000005 /* OrbitDeck.json in Resources */, 050400010000000000000006 /* OrbitDeck.motion.json in Resources */, 050400010000000000000008 /* SignalGarden.json in Resources */, 050400010000000000000009 /* SignalGarden.motion.json in Resources */, 050600010000000000000001 /* Exit97.json in Resources */, 050600010000000000000002 /* Exit97.motion.json in Resources */, 050600010000000000000003 /* Exit97.scene.json in Resources */, 050700010000000000000001 /* QuartzDeck.json in Resources */, 050700010000000000000002 /* QuartzDeck.motion.json in Resources */, 050700010000000000000003 /* QuartzDeck.scene.json in Resources */, 042000010000000000000004 /* PocketDiscFaceplate@2x.png in Resources */, 042000010000000000000005 /* AquaVistaFaceplate@2x.png in Resources */, 060200010000000000000002 /* VintageCassetteFaceplate@2x.png in Resources */, 050600010000000000000004 /* Exit97Faceplate@2x.png in Resources */, 050600010000000000000005 /* Exit97Environment@2x.png in Resources */, 050600010000000000000006 /* Exit97Vehicle@2x.png in Resources */,
				E09700010000000000000003 /* Exit97SkywhaleRig.png in Resources */,
				E09700010000000000000002 /* Exit97EventRig.png in Resources */,
				E09700010000000000000001 /* Exit97CruiseRig.png in Resources */, 050600010000000000000007 /* Exit97HeartAdd@2x.png in Resources */, 050600010000000000000008 /* Exit97HeartRemove@2x.png in Resources */, 050600010000000000000009 /* Exit97StarAdd@2x.png in Resources */, 050600010000000000000010 /* Exit97StarRemove@2x.png in Resources */, 050600010000000000000011 /* Exit97HeartCharm@2x.png in Resources */, 050600010000000000000012 /* Exit97StarHood@2x.png in Resources */, 050600010000000000000013 /* Exit97Reflector@2x.png in Resources */, 050600010000000000000014 /* Exit97EncounterCattle@2x.png in Resources */, 050600010000000000000015 /* Exit97EncounterService@2x.png in Resources */, 050600010000000000000016 /* Exit97EncounterComet@2x.png in Resources */, 050600010000000000000017 /* Exit97EncounterMoon@2x.png in Resources */, 050600010000000000000018 /* Exit97EncounterSkywhale@2x.png in Resources */, 050600010000000000000019 /* Exit97WheelPhase0@2x.png in Resources */, 050600010000000000000020 /* Exit97WheelPhase1@2x.png in Resources */, 050600010000000000000021 /* Exit97WheelPhase2@2x.png in Resources */, 050600010000000000000022 /* Exit97WheelPhase3@2x.png in Resources */, 050600010000000000000023 /* Exit97GlassHighlight@2x.png in Resources */, 050700010000000000000004 /* QuartzDeckFaceplate@2x.png in Resources */, 050700010000000000000005 /* QuartzDeckSceneLabel@2x.png in Resources */, 050700010000000000000006 /* QuartzDeckHeartGlow@2x.png in Resources */, 050700010000000000000007 /* QuartzDeckStarGlow@2x.png in Resources */,); runOnlyForDeploymentPostprocessing = 0; };
/* End PBXResourcesBuildPhase section */

/* Begin PBXSourcesBuildPhase section */
A00100070000000000000001 /* Sources */ = {isa = PBXSourcesBuildPhase; buildActionMask = 2147483647; files = (050400010000000000000002 /* AnimatedSkinRuntime.swift in Sources */, A00100010000000000000001 /* SiriusMacApp.swift in Sources */, 050100010000000000000001 /* SemanticVersion.swift in Sources */, 050100010000000000000002 /* UpdateChecker.swift in Sources */, 050200010000000000000001 /* CompatibilitySupport.swift in Sources */, 043001010000000000000001 /* SongFavoriteModels.swift in Sources */, 041000010000000000000001 /* ProductIdentity.swift in Sources */, 041000010000000000000002 /* ProductIdentityMigration.swift in Sources */, 041000010000000000000003 /* AboutProductView.swift in Sources */, 030900010000000000000002 /* UITestHarness.swift in Sources */, 030900010000000000000003 /* NativeListDoubleActionBridge.swift in Sources */, 040100010000000000000001 /* SkinAppearance.swift in Sources */, 040100010000000000000002 /* SkinSelectionStore.swift in Sources */, 040200010000000000000001 /* SkinPackagePolicy.swift in Sources */, 040200010000000000000002 /* SkinPackageImporter.swift in Sources */, 040300010000000000000001 /* SkinManagementView.swift in Sources */, 050300010000000000000001 /* Canis97MotionXPCProtocol.swift in Sources */, 050300010000000000000002 /* Canis97MotionConverterClient.swift in Sources */, 030100010000000000000002 /* ListeningSessionController.swift in Sources */, 030200010000000000000002 /* LibraryStore.swift in Sources */, 030300010000000000000002 /* PlaybackQueue.swift in Sources */, 030500010000000000000001 /* CompactWindowController.swift in Sources */, 030600010000000000000002 /* SystemMediaController.swift in Sources */, 030700010000000000000002 /* AccessibilityAnnouncer.swift in Sources */, 030400010000000000000002 /* CompactPlayerPresentation.swift in Sources */, 030400010000000000000003 /* CompactPlayerView.swift in Sources */, 060100010000000000000001 /* AudioOutputSelector.swift in Sources */, B00100010000000000000001 /* AuthenticationPresentationModel.swift in Sources */, B00100010000000000000002 /* AuthenticationView.swift in Sources */, B00100010000000000000003 /* UnsupportedAuthenticationView.swift in Sources */, A00100010000000000000004 /* KeychainCredentialStore.swift in Sources */, C00100010000000000000002 /* FirstPartyTokenCookiePolicy.swift in Sources */, C00100010000000000000003 /* WebAuthenticationBridge.swift in Sources */, C00100010000000000000004 /* WebAuthenticationView.swift in Sources */, D00100010000000000000001 /* RestorableAuthenticationCredentialSource.swift in Sources */, 0D1300010000000000000001 /* ClosedAuthenticationOracle.swift in Sources */, 0D1300010000000000000002 /* WebCredentialSelectionPolicy.swift in Sources */, 020100010000000000000002 /* ListeningPresentationModel.swift in Sources */, 020400010000000000000001 /* ListeningView.swift in Sources */, 020100010000000000000003 /* PlaybackCoordinator.swift in Sources */, 020100010000000000000004 /* MetadataPresentationModel.swift in Sources */, 020A00010000000000000001 /* ArtworkStore.swift in Sources */, 020200010000000000000001 /* LiveContractObservation.swift in Sources */, 020200010000000000000002 /* ClosedLiveObservationAdapter.swift in Sources */,); runOnlyForDeploymentPostprocessing = 0; };
		999999999999999999999999 /* Sources */ = {isa = PBXSourcesBuildPhase; buildActionMask = 2147483647; files = (050400010000000000000001 /* AnimatedSkinRuntimeContractTests.swift in Sources */, 050400010000000000000007 /* BundledAnimatedSkinTests.swift in Sources */, 050500010000000000000001 /* AnimatedSkinRuntimeSecurityTests.swift in Sources */, 050100010000000000000003 /* UpdateCheckerTests.swift in Sources */, 050200010000000000000002 /* CompatibilitySupportTests.swift in Sources */, 111111111111111111111111 /* AuthenticationPresentationModelTests.swift in Sources */, 222222222222222222222222 /* KeychainCredentialStoreTests.swift in Sources */, 333333333333333333333333 /* WebAuthenticationBridgeTests.swift in Sources */, 444444444444444444444444 /* SelectedAuthenticationCompositionTests.swift in Sources */, 020100010000000000000001 /* ListeningCompositionTests.swift in Sources */, 020700010000000000000001 /* MetadataPresentationTests.swift in Sources */, 020900010000000000000001 /* PlaybackInstallationOrderTests.swift in Sources */, 030100010000000000000001 /* ListeningSessionControllerTests.swift in Sources */, 030200010000000000000001 /* LibraryStoreTests.swift in Sources */, 030300010000000000000001 /* PlaybackQueueTests.swift in Sources */, 030400010000000000000001 /* CompactPlayerPresentationTests.swift in Sources */, 030600010000000000000001 /* SystemMediaControllerTests.swift in Sources */, 030700010000000000000001 /* AccessibilityContractTests.swift in Sources */, 040200010000000000000003 /* SkinPackageImporterTests.swift in Sources */, 042001010000000000000001 /* BundledThemeContractTests.swift in Sources */,); runOnlyForDeploymentPostprocessing = 0; };
		030900070000000000000001 /* Sources */ = {isa = PBXSourcesBuildPhase; buildActionMask = 2147483647; files = (030900010000000000000001 /* SiriusMacUITests.swift in Sources */,); runOnlyForDeploymentPostprocessing = 0; };
		050300070000000000000001 /* Sources */ = {isa = PBXSourcesBuildPhase; buildActionMask = 2147483647; files = (050300010000000000000003 /* Canis97MotionXPCProtocol.swift in Sources */, 050300010000000000000004 /* Canis97MotionConverterService.swift in Sources */,); runOnlyForDeploymentPostprocessing = 0; };
/* End PBXSourcesBuildPhase section */

/* Begin PBXTargetDependency section */
		A00100090000000000000001 /* PBXTargetDependency */ = {isa = PBXTargetDependency; target = A00100050000000000000001 /* Canis97 */; };
		030900090000000000000001 /* PBXTargetDependency */ = {isa = PBXTargetDependency; target = A00100050000000000000001 /* Canis97 */; };
		050300090000000000000001 /* PBXTargetDependency */ = {isa = PBXTargetDependency; target = 050300050000000000000001 /* Canis97MotionConverter */; };
/* End PBXTargetDependency section */

/* Begin XCBuildConfiguration section */
		F2F2F2F2F2F2F2F2F2F2F2F2 /* Debug */ = {isa = XCBuildConfiguration; buildSettings = { BUNDLE_LOADER = "$(TEST_HOST)"; CODE_SIGN_IDENTITY = "-"; CODE_SIGN_STYLE = Manual; CODE_SIGNING_ALLOWED = YES; ENABLE_TESTABILITY = YES; GENERATE_INFOPLIST_FILE = YES; PRODUCT_BUNDLE_IDENTIFIER = com.canis97.player.tests; PRODUCT_MODULE_NAME = Canis97Tests; PRODUCT_NAME = "$(TARGET_NAME)"; SWIFT_OPTIMIZATION_LEVEL = "-Onone"; TEST_HOST = "$(BUILT_PRODUCTS_DIR)/Canis97.app/Contents/MacOS/Canis97"; }; name = Debug; };
		F3F3F3F3F3F3F3F3F3F3F3F3 /* Release */ = {isa = XCBuildConfiguration; buildSettings = { BUNDLE_LOADER = "$(TEST_HOST)"; CODE_SIGN_IDENTITY = "-"; CODE_SIGN_STYLE = Manual; CODE_SIGNING_ALLOWED = YES; GENERATE_INFOPLIST_FILE = YES; PRODUCT_BUNDLE_IDENTIFIER = com.canis97.player.tests; PRODUCT_MODULE_NAME = Canis97Tests; PRODUCT_NAME = "$(TARGET_NAME)"; TEST_HOST = "$(BUILT_PRODUCTS_DIR)/Canis97.app/Contents/MacOS/Canis97"; }; name = Release; };
		030900080000000000000001 /* Debug */ = {isa = XCBuildConfiguration; buildSettings = { CODE_SIGN_IDENTITY = "-"; CODE_SIGN_STYLE = Manual; CODE_SIGNING_ALLOWED = YES; GENERATE_INFOPLIST_FILE = YES; PRODUCT_BUNDLE_IDENTIFIER = com.canis97.player.uitests; PRODUCT_MODULE_NAME = Canis97UITests; PRODUCT_NAME = "$(TARGET_NAME)"; SWIFT_OPTIMIZATION_LEVEL = "-Onone"; TEST_TARGET_NAME = Canis97; }; name = Debug; };
		030900080000000000000002 /* Release */ = {isa = XCBuildConfiguration; buildSettings = { CODE_SIGN_IDENTITY = "-"; CODE_SIGN_STYLE = Manual; CODE_SIGNING_ALLOWED = YES; GENERATE_INFOPLIST_FILE = YES; PRODUCT_BUNDLE_IDENTIFIER = com.canis97.player.uitests; PRODUCT_MODULE_NAME = Canis97UITests; PRODUCT_NAME = "$(TARGET_NAME)"; TEST_TARGET_NAME = Canis97; }; name = Release; };
		A00100080000000000000001 /* Debug */ = {isa = XCBuildConfiguration; buildSettings = { ARCHS = arm64; CLANG_ENABLE_MODULES = YES; CODE_SIGN_IDENTITY = "-"; CODE_SIGN_STYLE = Manual; CODE_SIGNING_ALLOWED = YES; MACOSX_DEPLOYMENT_TARGET = 26.0; SDKROOT = macosx; SWIFT_STRICT_CONCURRENCY = complete; SWIFT_VERSION = 6.0; }; name = Debug; };
		A00100080000000000000002 /* Release */ = {isa = XCBuildConfiguration; buildSettings = { ARCHS = arm64; CLANG_ENABLE_MODULES = YES; CODE_SIGN_IDENTITY = "-"; CODE_SIGN_STYLE = Manual; CODE_SIGNING_ALLOWED = YES; MACOSX_DEPLOYMENT_TARGET = 26.0; SDKROOT = macosx; SWIFT_STRICT_CONCURRENCY = complete; SWIFT_VERSION = 6.0; }; name = Release; };
		A00100080000000000000003 /* Debug */ = {isa = XCBuildConfiguration; baseConfigurationReference = 050000020000000000000001 /* Version.xcconfig */; buildSettings = { ASSETCATALOG_COMPILER_APPICON_NAME = ProductIcon; CODE_SIGN_IDENTITY = "-"; CODE_SIGN_STYLE = Manual; CODE_SIGNING_ALLOWED = YES; ENABLE_TESTABILITY = YES; GENERATE_INFOPLIST_FILE = NO; INFOPLIST_FILE = SiriusMac/Info.plist; PRODUCT_BUNDLE_IDENTIFIER = com.canis97.player; PRODUCT_MODULE_NAME = Canis97; PRODUCT_NAME = "$(TARGET_NAME)"; SWIFT_ACTIVE_COMPILATION_CONDITIONS = DEBUG; SWIFT_EMIT_LOC_STRINGS = YES; SWIFT_OPTIMIZATION_LEVEL = "-Onone"; }; name = Debug; };
		A00100080000000000000004 /* Release */ = {isa = XCBuildConfiguration; baseConfigurationReference = 050000020000000000000001 /* Version.xcconfig */; buildSettings = { ASSETCATALOG_COMPILER_APPICON_NAME = ProductIcon; CODE_SIGN_IDENTITY = "-"; CODE_SIGN_STYLE = Manual; CODE_SIGNING_ALLOWED = YES; ENABLE_HARDENED_RUNTIME = YES; GENERATE_INFOPLIST_FILE = NO; INFOPLIST_FILE = SiriusMac/Info.plist; PRODUCT_BUNDLE_IDENTIFIER = com.canis97.player; PRODUCT_MODULE_NAME = Canis97; PRODUCT_NAME = "$(TARGET_NAME)"; SWIFT_EMIT_LOC_STRINGS = YES; }; name = Release; };
		050500080000000000000001 /* AnimationAcceptance */ = {isa = XCBuildConfiguration; baseConfigurationReference = 050000020000000000000001 /* Version.xcconfig */; buildSettings = { ASSETCATALOG_COMPILER_APPICON_NAME = ProductIcon; CODE_SIGN_IDENTITY = "-"; CODE_SIGN_STYLE = Manual; CODE_SIGNING_ALLOWED = YES; ENABLE_HARDENED_RUNTIME = YES; GENERATE_INFOPLIST_FILE = NO; INFOPLIST_FILE = SiriusMac/Info.plist; PRODUCT_BUNDLE_IDENTIFIER = com.canis97.player; PRODUCT_MODULE_NAME = Canis97; PRODUCT_NAME = "$(TARGET_NAME)"; SWIFT_ACTIVE_COMPILATION_CONDITIONS = CANIS97_ANIMATION_ACCEPTANCE; SWIFT_EMIT_LOC_STRINGS = YES; SWIFT_OPTIMIZATION_LEVEL = "-O"; }; name = AnimationAcceptance; };
		050300080000000000000001 /* Debug */ = {isa = XCBuildConfiguration; buildSettings = { CODE_SIGN_ENTITLEMENTS = Canis97MotionConverter/Canis97MotionConverter.entitlements; CODE_SIGN_IDENTITY = "-"; CODE_SIGN_STYLE = Manual; CODE_SIGNING_ALLOWED = YES; ENABLE_HARDENED_RUNTIME = YES; GENERATE_INFOPLIST_FILE = YES; MACOSX_DEPLOYMENT_TARGET = 26.0; PRODUCT_BUNDLE_IDENTIFIER = com.canis97.player.motion-converter; PRODUCT_MODULE_NAME = Canis97MotionConverter; PRODUCT_NAME = "$(TARGET_NAME)"; SDKROOT = macosx; SWIFT_OPTIMIZATION_LEVEL = "-Onone"; SWIFT_STRICT_CONCURRENCY = complete; SWIFT_VERSION = 6.0; }; name = Debug; };
		050300080000000000000002 /* Release */ = {isa = XCBuildConfiguration; buildSettings = { CODE_SIGN_ENTITLEMENTS = Canis97MotionConverter/Canis97MotionConverter.entitlements; CODE_SIGN_IDENTITY = "-"; CODE_SIGN_STYLE = Manual; CODE_SIGNING_ALLOWED = YES; ENABLE_HARDENED_RUNTIME = YES; GENERATE_INFOPLIST_FILE = YES; MACOSX_DEPLOYMENT_TARGET = 26.0; PRODUCT_BUNDLE_IDENTIFIER = com.canis97.player.motion-converter; PRODUCT_MODULE_NAME = Canis97MotionConverter; PRODUCT_NAME = "$(TARGET_NAME)"; SDKROOT = macosx; SWIFT_STRICT_CONCURRENCY = complete; SWIFT_VERSION = 6.0; }; name = Release; };
		050500080000000000000002 /* AnimationAcceptance */ = {isa = XCBuildConfiguration; buildSettings = { CODE_SIGN_ENTITLEMENTS = Canis97MotionConverter/Canis97MotionConverter.entitlements; CODE_SIGN_IDENTITY = "-"; CODE_SIGN_STYLE = Manual; CODE_SIGNING_ALLOWED = YES; ENABLE_HARDENED_RUNTIME = YES; GENERATE_INFOPLIST_FILE = YES; MACOSX_DEPLOYMENT_TARGET = 26.0; PRODUCT_BUNDLE_IDENTIFIER = com.canis97.player.motion-converter; PRODUCT_MODULE_NAME = Canis97MotionConverter; PRODUCT_NAME = "$(TARGET_NAME)"; SDKROOT = macosx; SWIFT_ACTIVE_COMPILATION_CONDITIONS = CANIS97_ANIMATION_ACCEPTANCE; SWIFT_OPTIMIZATION_LEVEL = "-O"; SWIFT_STRICT_CONCURRENCY = complete; SWIFT_VERSION = 6.0; }; name = AnimationAcceptance; };
		050500080000000000000003 /* AnimationAcceptance */ = {isa = XCBuildConfiguration; buildSettings = { ARCHS = arm64; CLANG_ENABLE_MODULES = YES; CODE_SIGN_IDENTITY = "-"; CODE_SIGN_STYLE = Manual; CODE_SIGNING_ALLOWED = YES; MACOSX_DEPLOYMENT_TARGET = 26.0; SDKROOT = macosx; SWIFT_STRICT_CONCURRENCY = complete; SWIFT_VERSION = 6.0; }; name = AnimationAcceptance; };
/* End XCBuildConfiguration section */

/* Begin XCConfigurationList section */
		F1F1F1F1F1F1F1F1F1F1F1F1 /* Build configuration list for PBXNativeTarget "Canis97Tests" */ = {isa = XCConfigurationList; buildConfigurations = (F2F2F2F2F2F2F2F2F2F2F2F2 /* Debug */, F3F3F3F3F3F3F3F3F3F3F3F3 /* Release */,); defaultConfigurationIsVisible = 0; defaultConfigurationName = Release; };
		030900060000000000000001 /* Build configuration list for PBXNativeTarget "Canis97UITests" */ = {isa = XCConfigurationList; buildConfigurations = (030900080000000000000001 /* Debug */, 030900080000000000000002 /* Release */,); defaultConfigurationIsVisible = 0; defaultConfigurationName = Release; };
		A00100060000000000000001 /* Build configuration list for PBXNativeTarget "Canis97" */ = {isa = XCConfigurationList; buildConfigurations = (A00100080000000000000003 /* Debug */, A00100080000000000000004 /* Release */, 050500080000000000000001 /* AnimationAcceptance */,); defaultConfigurationIsVisible = 0; defaultConfigurationName = Release; };
		050300060000000000000001 /* Build configuration list for PBXNativeTarget "Canis97MotionConverter" */ = {isa = XCConfigurationList; buildConfigurations = (050300080000000000000001 /* Debug */, 050300080000000000000002 /* Release */, 050500080000000000000002 /* AnimationAcceptance */,); defaultConfigurationIsVisible = 0; defaultConfigurationName = Release; };
		A00100060000000000000003 /* Build configuration list for PBXProject "SiriusMac" */ = {isa = XCConfigurationList; buildConfigurations = (A00100080000000000000001 /* Debug */, A00100080000000000000002 /* Release */, 050500080000000000000003 /* AnimationAcceptance */,); defaultConfigurationIsVisible = 0; defaultConfigurationName = Release; };
/* End XCConfigurationList section */

/* Begin XCLocalSwiftPackageReference section */
		A00100110000000000000001 /* XCLocalSwiftPackageReference "SiriusXMClient" */ = {isa = XCLocalSwiftPackageReference; relativePath = Packages/SiriusXMClient; };
		050300110000000000000001 /* XCLocalSwiftPackageReference "Canis97MotionSafety" */ = {isa = XCLocalSwiftPackageReference; relativePath = Packages/Canis97MotionSafety; };
/* End XCLocalSwiftPackageReference section */

/* Begin XCRemoteSwiftPackageReference section */
		040200110000000000000001 /* XCRemoteSwiftPackageReference "ZIPFoundation" */ = {isa = XCRemoteSwiftPackageReference; repositoryURL = "https://github.com/weichsel/ZIPFoundation.git"; requirement = {kind = exactVersion; version = 0.9.20; }; };
		050400110000000000000001 /* XCRemoteSwiftPackageReference "lottie-ios" */ = {isa = XCRemoteSwiftPackageReference; repositoryURL = "https://github.com/airbnb/lottie-ios.git"; requirement = {kind = exactVersion; version = 4.6.1; }; };
/* End XCRemoteSwiftPackageReference section */

/* Begin XCSwiftPackageProductDependency section */
		A00100100000000000000001 /* SiriusXMClient */ = {isa = XCSwiftPackageProductDependency; package = A00100110000000000000001 /* XCLocalSwiftPackageReference "SiriusXMClient" */; productName = SiriusXMClient; };
		040200100000000000000001 /* ZIPFoundation */ = {isa = XCSwiftPackageProductDependency; package = 040200110000000000000001 /* XCRemoteSwiftPackageReference "ZIPFoundation" */; productName = ZIPFoundation; };
		050300100000000000000001 /* Canis97MotionSafety */ = {isa = XCSwiftPackageProductDependency; package = 050300110000000000000001 /* XCLocalSwiftPackageReference "Canis97MotionSafety" */; productName = Canis97MotionSafety; };
		050300100000000000000002 /* Canis97MotionSafety */ = {isa = XCSwiftPackageProductDependency; package = 050300110000000000000001 /* XCLocalSwiftPackageReference "Canis97MotionSafety" */; productName = Canis97MotionSafety; };
		050400100000000000000001 /* Lottie */ = {isa = XCSwiftPackageProductDependency; package = 050400110000000000000001 /* XCRemoteSwiftPackageReference "lottie-ios" */; productName = Lottie; };
		050400100000000000000002 /* Lottie */ = {isa = XCSwiftPackageProductDependency; package = 050400110000000000000001 /* XCRemoteSwiftPackageReference "lottie-ios" */; productName = Lottie; };
/* End XCSwiftPackageProductDependency section */
	};
	rootObject = E4E4E4E4E4E4E4E4E4E4E4E4 /* Project object */;
}
